// !$*UTF8*$!
{
"archiveVersion" = "1";
"classes" = {
};
"objectVersion" = "56";
"objects" = {
"CEFE7FB1699244B287EB957A" = {
"isa" = "PBXFileReference";
"lastKnownFileType" = "sourcecode.swift";
"path" = "CharacterHost/App/AppDelegate.swift";
"sourceTree" = "<group>";
};
"BAA0FE62724BF1FDF42F896A" = {
"isa" = "PBXBuildFile";
"fileRef" = "CEFE7FB1699244B287EB957A";
};
"B56D21D0FF246151588B54D6" = {
"isa" = "PBXFileReference";
"lastKnownFileType" = "sourcecode.swift";
"path" = "CharacterHost/App/AppRootView.swift";
"sourceTree" = "<group>";
};
"EC47D2F62C09E7C34DC9828B" = {
"isa" = "PBXBuildFile";
"fileRef" = "B56D21D0FF246151588B54D6";
};
"51B167A1A9B1F8E2EA81ADBF" = {
"isa" = "PBXFileReference";
"lastKnownFileType" = "sourcecode.swift";
"path" = "CharacterHost/App/AppStartupController.swift";
"sourceTree" = "<group>";
};
"D20F926C2E5FD2F266CA2A5C" = {
"isa" = "PBXBuildFile";
"fileRef" = "51B167A1A9B1F8E2EA81ADBF";
};
"20C1AC88FB721406C296BD19" = {
"isa" = "PBXFileReference";
"lastKnownFileType" = "sourcecode.swift";
"path" = "CharacterHost/App/LaunchTrace.swift";
"sourceTree" = "<group>";
};
"5D3D2AA8033CCAE0DCDF9806" = {
"isa" = "PBXBuildFile";
"fileRef" = "20C1AC88FB721406C296BD19";
};
"8D9FA50DD7B236E28441900F" = {
"isa" = "PBXFileReference";
"lastKnownFileType" = "sourcecode.swift";
"path" = "CharacterHost/App/SceneDelegate.swift";
"sourceTree" = "<group>";
};
"3E74310C2A0EFB134CEA2A53" = {
"isa" = "PBXBuildFile";
"fileRef" = "8D9FA50DD7B236E28441900F";
};
"F2CD3281ACD3A732D2A4E779" = {
"isa" = "PBXFileReference";
"lastKnownFileType" = "folder.assetcatalog";
"path" = "CharacterHost/Assets.xcassets";
"sourceTree" = "<group>";
};
"9880806E3D775482AB1E2486" = {
"isa" = "PBXBuildFile";
"fileRef" = "F2CD3281ACD3A732D2A4E779";
};
"747DF531CC4C707D8C43A6A5" = {
"isa" = "PBXFileReference";
"lastKnownFileType" = "sourcecode.c.h";
"path" = "CharacterHost/Bridge/CharacterHost-Bridging-Header.h";
"sourceTree" = "<group>";
};
"B97C66F7EF2EBC47B7962847" = {
"isa" = "PBXFileReference";
"lastKnownFileType" = "sourcecode.c.h";
"path" = "CharacterHost/Bridge/UnityRuntimeBridge.h";
"sourceTree" = "<group>";
};
"DFBC736658D9C915B83EE77F" = {
"isa" = "PBXFileReference";
"lastKnownFileType" = "sourcecode.cpp.objcpp";
"path" = "CharacterHost/Bridge/UnityRuntimeBridge.mm";
"sourceTree" = "<group>";
};
"F761406F0B923FA42F80AAD6" = {
"isa" = "PBXBuildFile";
"fileRef" = "DFBC736658D9C915B83EE77F";
};
"935D69FC156E259EBFF1D5FA" = {
"isa" = "PBXFileReference";
"lastKnownFileType" = "sourcecode.swift";
"path" = "CharacterHost/Features/About/AboutView.swift";
"sourceTree" = "<group>";
};
"369928478F3C0CA2BFD0885E" = {
"isa" = "PBXBuildFile";
"fileRef" = "935D69FC156E259EBFF1D5FA";
};
"C90E1059E2DE27187B817060" = {
"isa" = "PBXFileReference";
"lastKnownFileType" = "sourcecode.swift";
"path" = "CharacterHost/Features/Account/AccountCenterView.swift";
"sourceTree" = "<group>";
};
"243B040AA29F282B4F92F17E" = {
"isa" = "PBXBuildFile";
"fileRef" = "C90E1059E2DE27187B817060";
};
"A6298108B25A32CAFBF1CA26" = {
"isa" = "PBXFileReference";
"lastKnownFileType" = "sourcecode.swift";
"path" = "CharacterHost/Features/Account/AccountStore.swift";
"sourceTree" = "<group>";
};
"ECE11C897495A3044D96E622" = {
"isa" = "PBXBuildFile";
"fileRef" = "A6298108B25A32CAFBF1CA26";
};
"9EC64D8988BA98A8323AD72B" = {
"isa" = "PBXFileReference";
"lastKnownFileType" = "sourcecode.swift";
"path" = "CharacterHost/Features/Account/AccountSync.swift";
"sourceTree" = "<group>";
};
"2CB60BC0FE60AA4782323923" = {
"isa" = "PBXBuildFile";
"fileRef" = "9EC64D8988BA98A8323AD72B";
};
"EDFE08FA10188FF4806D93EC" = {
"isa" = "PBXFileReference";
"lastKnownFileType" = "sourcecode.swift";
"path" = "CharacterHost/Features/Account/AccountSyncMerge.swift";
"sourceTree" = "<group>";
};
"11A9A4A7F6AB5655E3F38C4D" = {
"isa" = "PBXBuildFile";
"fileRef" = "EDFE08FA10188FF4806D93EC";
};
"EF3355C90F193F2D38C56A8D" = {
"isa" = "PBXFileReference";
"lastKnownFileType" = "sourcecode.swift";
"path" = "CharacterHost/Features/Account/AccountView.swift";
"sourceTree" = "<group>";
};
"005E93DDDEEF7651D8D9D262" = {
"isa" = "PBXBuildFile";
"fileRef" = "EF3355C90F193F2D38C56A8D";
};
"331BF29DC3B2430562AB8AA2" = {
"isa" = "PBXFileReference";
"lastKnownFileType" = "sourcecode.swift";
"path" = "CharacterHost/Features/Account/DemoAccount.swift";
"sourceTree" = "<group>";
};
"64811D353F9A0045AC96E665" = {
"isa" = "PBXBuildFile";
"fileRef" = "331BF29DC3B2430562AB8AA2";
};
"B5E8840BEA22CBD7BF10F80B" = {
"isa" = "PBXFileReference";
"lastKnownFileType" = "sourcecode.swift";
"path" = "CharacterHost/Features/Account/LoginMethod.swift";
"sourceTree" = "<group>";
};
"3C1E29A4956105B37BE89516" = {
"isa" = "PBXBuildFile";
"fileRef" = "B5E8840BEA22CBD7BF10F80B";
};
"7E305C7F170995849B7BD39D" = {
"isa" = "PBXFileReference";
"lastKnownFileType" = "sourcecode.swift";
"path" = "CharacterHost/Features/Account/LoginView.swift";
"sourceTree" = "<group>";
};
"64FD23E8BF3A0BB14F3F9DF7" = {
"isa" = "PBXBuildFile";
"fileRef" = "7E305C7F170995849B7BD39D";
};
"F23992583E66B1B0D5D5DDA7" = {
"isa" = "PBXFileReference";
"lastKnownFileType" = "sourcecode.swift";
"path" = "CharacterHost/Features/Account/PasswordLoginView.swift";
"sourceTree" = "<group>";
};
"24E134B6F290FD17E00D3080" = {
"isa" = "PBXBuildFile";
"fileRef" = "F23992583E66B1B0D5D5DDA7";
};
"F269110C7A7A71FE566B13FC" = {
"isa" = "PBXFileReference";
"lastKnownFileType" = "sourcecode.swift";
"path" = "CharacterHost/Features/Account/PlatformAPI.swift";
"sourceTree" = "<group>";
};
"0A980DE993B485D31A61720E" = {
"isa" = "PBXBuildFile";
"fileRef" = "F269110C7A7A71FE566B13FC";
};
"29E578EDBA53E26D531B297E" = {
"isa" = "PBXFileReference";
"lastKnownFileType" = "sourcecode.swift";
"path" = "CharacterHost/Features/Account/ThemeSettings.swift";
"sourceTree" = "<group>";
};
"F55C3C76C8C5D38040E4ADF0" = {
"isa" = "PBXBuildFile";
"fileRef" = "29E578EDBA53E26D531B297E";
};
"2764B16336A913103E3113CB" = {
"isa" = "PBXFileReference";
"lastKnownFileType" = "sourcecode.swift";
"path" = "CharacterHost/Features/Companion/AIInspectionPanel.swift";
"sourceTree" = "<group>";
};
"3CD8BC259A826B2FCF7C6F40" = {
"isa" = "PBXBuildFile";
"fileRef" = "2764B16336A913103E3113CB";
};
"E64405EF912929186022CB38" = {
"isa" = "PBXFileReference";
"lastKnownFileType" = "sourcecode.swift";
"path" = "CharacterHost/Features/Companion/AIReplyContent.swift";
"sourceTree" = "<group>";
};
"6A4390C79DAC6FF3074F70A0" = {
"isa" = "PBXBuildFile";
"fileRef" = "E64405EF912929186022CB38";
};
"19B7A623B3691453E1E001E0" = {
"isa" = "PBXFileReference";
"lastKnownFileType" = "sourcecode.swift";
"path" = "CharacterHost/Features/Companion/AtmosphereBlend.swift";
"sourceTree" = "<group>";
};
"FC2618D1DEE91BED86C186D2" = {
"isa" = "PBXBuildFile";
"fileRef" = "19B7A623B3691453E1E001E0";
};
"54EEC4131AE326A0FC64A4F7" = {
"isa" = "PBXFileReference";
"lastKnownFileType" = "sourcecode.swift";
"path" = "CharacterHost/Features/Companion/AudioSessionHardware.swift";
"sourceTree" = "<group>";
};
"636A04378B67047CE3EB6375" = {
"isa" = "PBXBuildFile";
"fileRef" = "54EEC4131AE326A0FC64A4F7";
};
"3E38A9E3CD38EF85590B66D0" = {
"isa" = "PBXFileReference";
"lastKnownFileType" = "sourcecode.swift";
"path" = "CharacterHost/Features/Companion/CharacterAI.swift";
"sourceTree" = "<group>";
};
"19FF0F4B623F121BB264019A" = {
"isa" = "PBXBuildFile";
"fileRef" = "3E38A9E3CD38EF85590B66D0";
};
"24ADA0D893A81596CB9022D6" = {
"isa" = "PBXFileReference";
"lastKnownFileType" = "sourcecode.swift";
"path" = "CharacterHost/Features/Companion/CharacterActionDialogue.swift";
"sourceTree" = "<group>";
};
"86DA5643DEB9EED8225BAF72" = {
"isa" = "PBXBuildFile";
"fileRef" = "24ADA0D893A81596CB9022D6";
};
"F93DA5A936445953D5F7DB39" = {
"isa" = "PBXFileReference";
"lastKnownFileType" = "sourcecode.swift";
"path" = "CharacterHost/Features/Companion/CharacterAtmosphereView.swift";
"sourceTree" = "<group>";
};
"14BE682F051983E090CD680F" = {
"isa" = "PBXBuildFile";
"fileRef" = "F93DA5A936445953D5F7DB39";
};
"F3B1A619B6D0E7F893787BDE" = {
"isa" = "PBXFileReference";
"lastKnownFileType" = "sourcecode.swift";
"path" = "CharacterHost/Features/Companion/CharacterFraming.swift";
"sourceTree" = "<group>";
};
"7D73229F8B2CCB4081181603" = {
"isa" = "PBXBuildFile";
"fileRef" = "F3B1A619B6D0E7F893787BDE";
};
"6D1871D7D55012572B342751" = {
"isa" = "PBXFileReference";
"lastKnownFileType" = "sourcecode.swift";
"path" = "CharacterHost/Features/Companion/CharacterOpenings.swift";
"sourceTree" = "<group>";
};
"207424D3522CB8F8EDDE5058" = {
"isa" = "PBXBuildFile";
"fileRef" = "6D1871D7D55012572B342751";
};
"9CA91BD6D99BFD5C319C7A32" = {
"isa" = "PBXFileReference";
"lastKnownFileType" = "sourcecode.swift";
"path" = "CharacterHost/Features/Companion/CharacterPerformancePanel.swift";
"sourceTree" = "<group>";
};
"05C84685288632B02D0A7E67" = {
"isa" = "PBXBuildFile";
"fileRef" = "9CA91BD6D99BFD5C319C7A32";
};
"EE6EFA0FF1B91014ECB455B9" = {
"isa" = "PBXFileReference";
"lastKnownFileType" = "sourcecode.swift";
"path" = "CharacterHost/Features/Companion/CharacterPerformanceProfile.swift";
"sourceTree" = "<group>";
};
"095B15A233108F69A69CCC36" = {
"isa" = "PBXBuildFile";
"fileRef" = "EE6EFA0FF1B91014ECB455B9";
};
"45D923AFAC256C94FA2A7845" = {
"isa" = "PBXFileReference";
"lastKnownFileType" = "sourcecode.swift";
"path" = "CharacterHost/Features/Companion/CharacterPosture.swift";
"sourceTree" = "<group>";
};
"7DD3F7D643EBF50D6700A50B" = {
"isa" = "PBXBuildFile";
"fileRef" = "45D923AFAC256C94FA2A7845";
};
"7F9A7C80DFFE83B685085E3E" = {
"isa" = "PBXFileReference";
"lastKnownFileType" = "sourcecode.swift";
"path" = "CharacterHost/Features/Companion/CharacterPublicProfile.swift";
"sourceTree" = "<group>";
};
"5CDF0A90C5FF30653463ED22" = {
"isa" = "PBXBuildFile";
"fileRef" = "7F9A7C80DFFE83B685085E3E";
};
"6182ABD10DAAD0D3EEA4F0F0" = {
"isa" = "PBXFileReference";
"lastKnownFileType" = "sourcecode.swift";
"path" = "CharacterHost/Features/Companion/CharacterSignal.swift";
"sourceTree" = "<group>";
};
"B3948514DDEE189D1EA9C449" = {
"isa" = "PBXBuildFile";
"fileRef" = "6182ABD10DAAD0D3EEA4F0F0";
};
"2080C7E515A97832C709DEFD" = {
"isa" = "PBXFileReference";
"lastKnownFileType" = "sourcecode.swift";
"path" = "CharacterHost/Features/Companion/CharacterStudio.swift";
"sourceTree" = "<group>";
};
"0CBF348F46596CABAD58520A" = {
"isa" = "PBXBuildFile";
"fileRef" = "2080C7E515A97832C709DEFD";
};
"77C5D4FD299BDC19D63B1389" = {
"isa" = "PBXFileReference";
"lastKnownFileType" = "sourcecode.swift";
"path" = "CharacterHost/Features/Companion/CharacterStudioPanel.swift";
"sourceTree" = "<group>";
};
"5D66A80C8B88358AE6497E97" = {
"isa" = "PBXBuildFile";
"fileRef" = "77C5D4FD299BDC19D63B1389";
};
"1FFD0BFC973267EC6335E3A5" = {
"isa" = "PBXFileReference";
"lastKnownFileType" = "sourcecode.swift";
"path" = "CharacterHost/Features/Companion/ChatComposerInput.swift";
"sourceTree" = "<group>";
};
"7A44D8A0742CA3758E18A96C" = {
"isa" = "PBXBuildFile";
"fileRef" = "1FFD0BFC973267EC6335E3A5";
};
"502BCC037361ADA49193B2B5" = {
"isa" = "PBXFileReference";
"lastKnownFileType" = "sourcecode.swift";
"path" = "CharacterHost/Features/Companion/ChatDisplayPanel.swift";
"sourceTree" = "<group>";
};
"7920C0CB325CFC2B28F63C6F" = {
"isa" = "PBXBuildFile";
"fileRef" = "502BCC037361ADA49193B2B5";
};
"6AB8BFAE570C25CDAE29C98A" = {
"isa" = "PBXFileReference";
"lastKnownFileType" = "sourcecode.swift";
"path" = "CharacterHost/Features/Companion/CloudSpeech.swift";
"sourceTree" = "<group>";
};
"693B978F86B4162F4FD86F11" = {
"isa" = "PBXBuildFile";
"fileRef" = "6AB8BFAE570C25CDAE29C98A";
};
"C7EA85999BD3AC68F47FB3CD" = {
"isa" = "PBXFileReference";
"lastKnownFileType" = "sourcecode.swift";
"path" = "CharacterHost/Features/Companion/CompanionChatView.swift";
"sourceTree" = "<group>";
};
"340A25E778B7E389280023D5" = {
"isa" = "PBXBuildFile";
"fileRef" = "C7EA85999BD3AC68F47FB3CD";
};
"84DD46A6E85DC806FC796D18" = {
"isa" = "PBXFileReference";
"lastKnownFileType" = "sourcecode.swift";
"path" = "CharacterHost/Features/Companion/CompanionCloudPreview.swift";
"sourceTree" = "<group>";
};
"243257F3A6BE35B648B4C457" = {
"isa" = "PBXBuildFile";
"fileRef" = "84DD46A6E85DC806FC796D18";
};
"B22CFFEABAC49E6F998DB200" = {
"isa" = "PBXFileReference";
"lastKnownFileType" = "sourcecode.swift";
"path" = "CharacterHost/Features/Companion/CompanionCustomizationPanel.swift";
"sourceTree" = "<group>";
};
"9C8A71438CFDCDE66B40AB0E" = {
"isa" = "PBXBuildFile";
"fileRef" = "B22CFFEABAC49E6F998DB200";
};
"FD71C5DF7D4D22996DDCE5CD" = {
"isa" = "PBXFileReference";
"lastKnownFileType" = "sourcecode.swift";
"path" = "CharacterHost/Features/Companion/CompanionData.swift";
"sourceTree" = "<group>";
};
"BF3A72A7D7C97C0E60F9FF31" = {
"isa" = "PBXBuildFile";
"fileRef" = "FD71C5DF7D4D22996DDCE5CD";
};
"2EE9CE974FE984EE54CCA4A4" = {
"isa" = "PBXFileReference";
"lastKnownFileType" = "sourcecode.swift";
"path" = "CharacterHost/Features/Companion/CompanionExperiences.swift";
"sourceTree" = "<group>";
};
"3887274C60C752B47D9DF6DB" = {
"isa" = "PBXBuildFile";
"fileRef" = "2EE9CE974FE984EE54CCA4A4";
};
"9A75DDA84E22F07CCC2C6DD8" = {
"isa" = "PBXFileReference";
"lastKnownFileType" = "sourcecode.swift";
"path" = "CharacterHost/Features/Companion/CompanionSession.swift";
"sourceTree" = "<group>";
};
"9453DBBFDA99DE4D321DB339" = {
"isa" = "PBXBuildFile";
"fileRef" = "9A75DDA84E22F07CCC2C6DD8";
};
"840B90D89ACBC5C385AA6973" = {
"isa" = "PBXFileReference";
"lastKnownFileType" = "sourcecode.swift";
"path" = "CharacterHost/Features/Companion/CompanionSoundscape.swift";
"sourceTree" = "<group>";
};
"3E2935CCEFC05035726CBA92" = {
"isa" = "PBXBuildFile";
"fileRef" = "840B90D89ACBC5C385AA6973";
};
"FB189BBD1E8A2E7D809B7722" = {
"isa" = "PBXFileReference";
"lastKnownFileType" = "sourcecode.swift";
"path" = "CharacterHost/Features/Companion/CompanionStore.swift";
"sourceTree" = "<group>";
};
"EB9951DACEAEB4FC5898088B" = {
"isa" = "PBXBuildFile";
"fileRef" = "FB189BBD1E8A2E7D809B7722";
};
"671EF960E94822FE78D47FB7" = {
"isa" = "PBXFileReference";
"lastKnownFileType" = "sourcecode.swift";
"path" = "CharacterHost/Features/Companion/CompanionViews.swift";
"sourceTree" = "<group>";
};
"823985E34F1EC5F9180B793E" = {
"isa" = "PBXBuildFile";
"fileRef" = "671EF960E94822FE78D47FB7";
};
"BE70A6FD61A10C22D41A82CA" = {
"isa" = "PBXFileReference";
"lastKnownFileType" = "sourcecode.swift";
"path" = "CharacterHost/Features/Companion/ConversationContentMask.swift";
"sourceTree" = "<group>";
};
"1B0F75F3CDD215441398798E" = {
"isa" = "PBXBuildFile";
"fileRef" = "BE70A6FD61A10C22D41A82CA";
};
"C0A9C3BDC8D491F513C3A3C7" = {
"isa" = "PBXFileReference";
"lastKnownFileType" = "sourcecode.swift";
"path" = "CharacterHost/Features/Companion/ConversationDeviceMotion.swift";
"sourceTree" = "<group>";
};
"D210D25DB3F38CF036928363" = {
"isa" = "PBXBuildFile";
"fileRef" = "C0A9C3BDC8D491F513C3A3C7";
};
"59568FA64F24EDCADEF87EA6" = {
"isa" = "PBXFileReference";
"lastKnownFileType" = "sourcecode.swift";
"path" = "CharacterHost/Features/Companion/ConversationExport.swift";
"sourceTree" = "<group>";
};
"B4B49A8206011ACBC9D0123A" = {
"isa" = "PBXBuildFile";
"fileRef" = "59568FA64F24EDCADEF87EA6";
};
"0C18E281D5BEB5D6303E0EC9" = {
"isa" = "PBXFileReference";
"lastKnownFileType" = "sourcecode.swift";
"path" = "CharacterHost/Features/Companion/ConversationExportView.swift";
"sourceTree" = "<group>";
};
"6D5B905DD331E9C2D9F585EC" = {
"isa" = "PBXBuildFile";
"fileRef" = "0C18E281D5BEB5D6303E0EC9";
};
"C2C6A3FC418A9C6BAEBDDC48" = {
"isa" = "PBXFileReference";
"lastKnownFileType" = "sourcecode.swift";
"path" = "CharacterHost/Features/Companion/ConversationGreeting.swift";
"sourceTree" = "<group>";
};
"365B5C071873E3C37DE37FAD" = {
"isa" = "PBXBuildFile";
"fileRef" = "C2C6A3FC418A9C6BAEBDDC48";
};
"006BA27439088FEE6F1693BC" = {
"isa" = "PBXFileReference";
"lastKnownFileType" = "sourcecode.swift";
"path" = "CharacterHost/Features/Companion/ConversationHitRegions.swift";
"sourceTree" = "<group>";
};
"CD11760ECD802CB0361ED134" = {
"isa" = "PBXBuildFile";
"fileRef" = "006BA27439088FEE6F1693BC";
};
"DDD05F6957230B3DFFB0F7A9" = {
"isa" = "PBXFileReference";
"lastKnownFileType" = "sourcecode.swift";
"path" = "CharacterHost/Features/Companion/ConversationImageRenderer.swift";
"sourceTree" = "<group>";
};
"D3B0E37885EB6A9344FCAA66" = {
"isa" = "PBXBuildFile";
"fileRef" = "DDD05F6957230B3DFFB0F7A9";
};
"DE79760FDD9784C7E6B4CCFF" = {
"isa" = "PBXFileReference";
"lastKnownFileType" = "sourcecode.swift";
"path" = "CharacterHost/Features/Companion/ConversationScrollState.swift";
"sourceTree" = "<group>";
};
"C16A4102C3B783259F4DE3EB" = {
"isa" = "PBXBuildFile";
"fileRef" = "DE79760FDD9784C7E6B4CCFF";
};
"504E7E2A9DCA34555F9D6688" = {
"isa" = "PBXFileReference";
"lastKnownFileType" = "sourcecode.swift";
"path" = "CharacterHost/Features/Companion/ConversationSoundControls.swift";
"sourceTree" = "<group>";
};
"5CE81140A116FF6E999C7B1C" = {
"isa" = "PBXBuildFile";
"fileRef" = "504E7E2A9DCA34555F9D6688";
};
"A75FFD3C144108D7D895FD89" = {
"isa" = "PBXFileReference";
"lastKnownFileType" = "sourcecode.swift";
"path" = "CharacterHost/Features/Companion/CustomizationDestination.swift";
"sourceTree" = "<group>";
};
"4462B24C7082B82615BD0CF3" = {
"isa" = "PBXBuildFile";
"fileRef" = "A75FFD3C144108D7D895FD89";
};
"3DACE79165054814F5A5A45F" = {
"isa" = "PBXFileReference";
"lastKnownFileType" = "sourcecode.swift";
"path" = "CharacterHost/Features/Companion/DefaultNicknamePanel.swift";
"sourceTree" = "<group>";
};
"C8EFBF3BF55382EF4D91EE7D" = {
"isa" = "PBXBuildFile";
"fileRef" = "3DACE79165054814F5A5A45F";
};
"8FC608D68CF0F5D667EEE92D" = {
"isa" = "PBXFileReference";
"lastKnownFileType" = "sourcecode.swift";
"path" = "CharacterHost/Features/Companion/EnvironmentCatalog.swift";
"sourceTree" = "<group>";
};
"105FB61C7B3C1E6D979C42CE" = {
"isa" = "PBXBuildFile";
"fileRef" = "8FC608D68CF0F5D667EEE92D";
};
"58F7F202079DBAD11BE7779C" = {
"isa" = "PBXFileReference";
"lastKnownFileType" = "sourcecode.swift";
"path" = "CharacterHost/Features/Companion/EnvironmentPicker.swift";
"sourceTree" = "<group>";
};
"9C0F88276315AE05A61F7FC1" = {
"isa" = "PBXBuildFile";
"fileRef" = "58F7F202079DBAD11BE7779C";
};
"C05C0432655E8BF2B6163138" = {
"isa" = "PBXFileReference";
"lastKnownFileType" = "sourcecode.swift";
"path" = "CharacterHost/Features/Companion/ExperienceStore.swift";
"sourceTree" = "<group>";
};
"AD64D45FF463314BBBF81E72" = {
"isa" = "PBXBuildFile";
"fileRef" = "C05C0432655E8BF2B6163138";
};
"223CCBD773161E305D45B8DD" = {
"isa" = "PBXFileReference";
"lastKnownFileType" = "sourcecode.swift";
"path" = "CharacterHost/Features/Companion/FramingPanel.swift";
"sourceTree" = "<group>";
};
"66AA067F9F77BE38DEFA6965" = {
"isa" = "PBXBuildFile";
"fileRef" = "223CCBD773161E305D45B8DD";
};
"3CDA0E51539B019FBF389856" = {
"isa" = "PBXFileReference";
"lastKnownFileType" = "sourcecode.swift";
"path" = "CharacterHost/Features/Companion/HostEmotionMotionPanel.swift";
"sourceTree" = "<group>";
};
"9276DA954928348FCCB27F23" = {
"isa" = "PBXBuildFile";
"fileRef" = "3CDA0E51539B019FBF389856";
};
"D31E6295F7D5036A178B6774" = {
"isa" = "PBXFileReference";
"lastKnownFileType" = "sourcecode.swift";
"path" = "CharacterHost/Features/Companion/MessageVoiceControl.swift";
"sourceTree" = "<group>";
};
"3C59CE3BFFC493DF83F7C260" = {
"isa" = "PBXBuildFile";
"fileRef" = "D31E6295F7D5036A178B6774";
};
"D6DA4B9CCF35E0443902E13A" = {
"isa" = "PBXFileReference";
"lastKnownFileType" = "sourcecode.swift";
"path" = "CharacterHost/Features/Companion/PostureControls.swift";
"sourceTree" = "<group>";
};
"1533808DB173A41FA7F101E7" = {
"isa" = "PBXBuildFile";
"fileRef" = "D6DA4B9CCF35E0443902E13A";
};
"257DD95165DA6AA11992A324" = {
"isa" = "PBXFileReference";
"lastKnownFileType" = "sourcecode.swift";
"path" = "CharacterHost/Features/Companion/ReplyReveal.swift";
"sourceTree" = "<group>";
};
"3BB78F28BEA2369B1225F30F" = {
"isa" = "PBXBuildFile";
"fileRef" = "257DD95165DA6AA11992A324";
};
"827DBCD9CE8DE0708D8A69D7" = {
"isa" = "PBXFileReference";
"lastKnownFileType" = "sourcecode.swift";
"path" = "CharacterHost/Features/Companion/ReturnLatestControl.swift";
"sourceTree" = "<group>";
};
"FC1CDFA992FB2FF2CE2334EA" = {
"isa" = "PBXBuildFile";
"fileRef" = "827DBCD9CE8DE0708D8A69D7";
};
"A7981B566C18C5896E515187" = {
"isa" = "PBXFileReference";
"lastKnownFileType" = "sourcecode.swift";
"path" = "CharacterHost/Features/Companion/SpeechClipCache.swift";
"sourceTree" = "<group>";
};
"14B3FCE6D01B57CE5FB2F2DB" = {
"isa" = "PBXBuildFile";
"fileRef" = "A7981B566C18C5896E515187";
};
"1799329F26182DC1D5E3C5A9" = {
"isa" = "PBXFileReference";
"lastKnownFileType" = "sourcecode.swift";
"path" = "CharacterHost/Features/Companion/TogetherPanel.swift";
"sourceTree" = "<group>";
};
"41EFD9A41FDB01FAF272E031" = {
"isa" = "PBXBuildFile";
"fileRef" = "1799329F26182DC1D5E3C5A9";
};
"C5675FD9012BD6D74C83736A" = {
"isa" = "PBXFileReference";
"lastKnownFileType" = "sourcecode.swift";
"path" = "CharacterHost/Features/Companion/VoiceCaptureOverlay.swift";
"sourceTree" = "<group>";
};
"8ABB67E4C04487DBDB6DD586" = {
"isa" = "PBXBuildFile";
"fileRef" = "C5675FD9012BD6D74C83736A";
};
"9A34ACC5849204CDB9A440BE" = {
"isa" = "PBXFileReference";
"lastKnownFileType" = "sourcecode.swift";
"path" = "CharacterHost/Features/Companion/VoiceCaptureState.swift";
"sourceTree" = "<group>";
};
"7379AADD6C8297081794F7E0" = {
"isa" = "PBXBuildFile";
"fileRef" = "9A34ACC5849204CDB9A440BE";
};
"A93C4D1350517C161A36BCC8" = {
"isa" = "PBXFileReference";
"lastKnownFileType" = "sourcecode.swift";
"path" = "CharacterHost/Features/Companion/VoiceHoldSurface.swift";
"sourceTree" = "<group>";
};
"670575C69EE6D50AAC8D416F" = {
"isa" = "PBXBuildFile";
"fileRef" = "A93C4D1350517C161A36BCC8";
};
"AFCE11A26DDBA53CF32B238D" = {
"isa" = "PBXFileReference";
"lastKnownFileType" = "sourcecode.swift";
"path" = "CharacterHost/Features/Companion/VoiceInputDraft.swift";
"sourceTree" = "<group>";
};
"170E98B5E66F03EBE1E53B8F" = {
"isa" = "PBXBuildFile";
"fileRef" = "AFCE11A26DDBA53CF32B238D";
};
"5D236423A1841FCE764D8AF9" = {
"isa" = "PBXFileReference";
"lastKnownFileType" = "sourcecode.swift";
"path" = "CharacterHost/Features/Developer/DeveloperPages.swift";
"sourceTree" = "<group>";
};
"9D738D97F4027A0ACB0D21C5" = {
"isa" = "PBXBuildFile";
"fileRef" = "5D236423A1841FCE764D8AF9";
};
"7BC245E7A3194B6A95AAD250" = {
"isa" = "PBXFileReference";
"lastKnownFileType" = "sourcecode.swift";
"path" = "CharacterHost/Features/Home/CharacterHomeCard.swift";
"sourceTree" = "<group>";
};
"981346192A0873E27B6D5E86" = {
"isa" = "PBXBuildFile";
"fileRef" = "7BC245E7A3194B6A95AAD250";
};
"5F236EC2A9922FAFC66BB5A5" = {
"isa" = "PBXFileReference";
"lastKnownFileType" = "sourcecode.swift";
"path" = "CharacterHost/Features/Home/CharacterHomeLayout.swift";
"sourceTree" = "<group>";
};
"C820D123FB5F2F110DEBAC1A" = {
"isa" = "PBXBuildFile";
"fileRef" = "5F236EC2A9922FAFC66BB5A5";
};
"18E740A43EA4162D9929B2CA" = {
"isa" = "PBXFileReference";
"lastKnownFileType" = "sourcecode.swift";
"path" = "CharacterHost/Features/Home/CharacterPortraitStore.swift";
"sourceTree" = "<group>";
};
"4F74A9BCFD8F5BBA952B4DDE" = {
"isa" = "PBXBuildFile";
"fileRef" = "18E740A43EA4162D9929B2CA";
};
"B34F5CC73789BF91CE373BF0" = {
"isa" = "PBXFileReference";
"lastKnownFileType" = "sourcecode.swift";
"path" = "CharacterHost/Features/Home/HomeView.swift";
"sourceTree" = "<group>";
};
"7C3ADDD26636220EBD48F434" = {
"isa" = "PBXBuildFile";
"fileRef" = "B34F5CC73789BF91CE373BF0";
};
"80E9511566382540B3F1E933" = {
"isa" = "PBXFileReference";
"lastKnownFileType" = "sourcecode.swift";
"path" = "CharacterHost/Features/Home/LoadingBreathingScrim.swift";
"sourceTree" = "<group>";
};
"CC1A1DE18275BCB088471A08" = {
"isa" = "PBXBuildFile";
"fileRef" = "80E9511566382540B3F1E933";
};
"9CF73E1D6D933E667E20C894" = {
"isa" = "PBXFileReference";
"lastKnownFileType" = "sourcecode.swift";
"path" = "CharacterHost/Features/Home/ModelCatalog.swift";
"sourceTree" = "<group>";
};
"30342D7D8CD5324B5DC041D2" = {
"isa" = "PBXBuildFile";
"fileRef" = "9CF73E1D6D933E667E20C894";
};
"2790413583E8D6DDBDF26B48" = {
"isa" = "PBXFileReference";
"lastKnownFileType" = "sourcecode.swift";
"path" = "CharacterHost/Features/Home/PanelCloseRequest.swift";
"sourceTree" = "<group>";
};
"8F8C963819696632A2F13EC3" = {
"isa" = "PBXBuildFile";
"fileRef" = "2790413583E8D6DDBDF26B48";
};
"E11FF22FA79F4A2E091397B6" = {
"isa" = "PBXFileReference";
"lastKnownFileType" = "sourcecode.swift";
"path" = "CharacterHost/Features/Home/SoftPanelBackground.swift";
"sourceTree" = "<group>";
};
"AC07CEA2887FED6AB8D6A202" = {
"isa" = "PBXBuildFile";
"fileRef" = "E11FF22FA79F4A2E091397B6";
};
"2FB6F9DC8AC1E17B2DEE4B82" = {
"isa" = "PBXFileReference";
"lastKnownFileType" = "sourcecode.swift";
"path" = "CharacterHost/Features/Home/SoftPanelClose.swift";
"sourceTree" = "<group>";
};
"C0856C0D280788640E25788E" = {
"isa" = "PBXBuildFile";
"fileRef" = "2FB6F9DC8AC1E17B2DEE4B82";
};
"BAE07D1FF02BF03C28852729" = {
"isa" = "PBXFileReference";
"lastKnownFileType" = "sourcecode.swift";
"path" = "CharacterHost/Features/Home/SoftSheetPresenter.swift";
"sourceTree" = "<group>";
};
"DC12ED174B5BE98E7B1B9466" = {
"isa" = "PBXBuildFile";
"fileRef" = "BAE07D1FF02BF03C28852729";
};
"72CD98EA747A93A4E72FE617" = {
"isa" = "PBXFileReference";
"lastKnownFileType" = "sourcecode.swift";
"path" = "CharacterHost/Features/Home/Theme.swift";
"sourceTree" = "<group>";
};
"177CA219532E649ED61DF086" = {
"isa" = "PBXBuildFile";
"fileRef" = "72CD98EA747A93A4E72FE617";
};
"1C01922FA217E0BD7D35DE86" = {
"isa" = "PBXFileReference";
"lastKnownFileType" = "sourcecode.swift";
"path" = "CharacterHost/Features/Social/AppDock.swift";
"sourceTree" = "<group>";
};
"79159D85B43BCB2D14B61F31" = {
"isa" = "PBXBuildFile";
"fileRef" = "1C01922FA217E0BD7D35DE86";
};
"A633F11ACFE1A32571601079" = {
"isa" = "PBXFileReference";
"lastKnownFileType" = "sourcecode.swift";
"path" = "CharacterHost/Features/Social/AuthorProfile.swift";
"sourceTree" = "<group>";
};
"0CF16516543377010DF6DE54" = {
"isa" = "PBXBuildFile";
"fileRef" = "A633F11ACFE1A32571601079";
};
"A4FC1A5126CEF201276B3345" = {
"isa" = "PBXFileReference";
"lastKnownFileType" = "sourcecode.swift";
"path" = "CharacterHost/Features/Social/AuthorViews.swift";
"sourceTree" = "<group>";
};
"19FD09203D0608DA0489E51C" = {
"isa" = "PBXBuildFile";
"fileRef" = "A4FC1A5126CEF201276B3345";
};
"6773760F34081E3143119340" = {
"isa" = "PBXFileReference";
"lastKnownFileType" = "sourcecode.swift";
"path" = "CharacterHost/Features/Social/CacheSettingsView.swift";
"sourceTree" = "<group>";
};
"68CE395670BBD316F3D25C2D" = {
"isa" = "PBXBuildFile";
"fileRef" = "6773760F34081E3143119340";
};
"08792D5D5F7913448245F2CB" = {
"isa" = "PBXFileReference";
"lastKnownFileType" = "sourcecode.swift";
"path" = "CharacterHost/Features/Social/CacheStorage.swift";
"sourceTree" = "<group>";
};
"F13DA40DAF90CF0B60F4FEB3" = {
"isa" = "PBXBuildFile";
"fileRef" = "08792D5D5F7913448245F2CB";
};
"869EECED4E715FE0D0B9B835" = {
"isa" = "PBXFileReference";
"lastKnownFileType" = "sourcecode.swift";
"path" = "CharacterHost/Features/Social/CatalogSearchField.swift";
"sourceTree" = "<group>";
};
"DD3427CE80544FE4EADC0E46" = {
"isa" = "PBXBuildFile";
"fileRef" = "869EECED4E715FE0D0B9B835";
};
"66C5D1AF1EC4FE277441E9D2" = {
"isa" = "PBXFileReference";
"lastKnownFileType" = "sourcecode.swift";
"path" = "CharacterHost/Features/Social/CharacterArtworkLayout.swift";
"sourceTree" = "<group>";
};
"CDF0094BCB441DEAFB969845" = {
"isa" = "PBXBuildFile";
"fileRef" = "66C5D1AF1EC4FE277441E9D2";
};
"83F2423CE2437AA6FBB5D7E2" = {
"isa" = "PBXFileReference";
"lastKnownFileType" = "sourcecode.swift";
"path" = "CharacterHost/Features/Social/CharacterCollection.swift";
"sourceTree" = "<group>";
};
"CB45E5D61A122A98C12BB645" = {
"isa" = "PBXBuildFile";
"fileRef" = "83F2423CE2437AA6FBB5D7E2";
};
"3D6C332F2D41798FE43487E3" = {
"isa" = "PBXFileReference";
"lastKnownFileType" = "sourcecode.swift";
"path" = "CharacterHost/Features/Social/CharacterCover.swift";
"sourceTree" = "<group>";
};
"DE1674D8C13E5E4FF7EC0E52" = {
"isa" = "PBXBuildFile";
"fileRef" = "3D6C332F2D41798FE43487E3";
};
"C4BC0AA889F12C15EF3A9261" = {
"isa" = "PBXFileReference";
"lastKnownFileType" = "sourcecode.swift";
"path" = "CharacterHost/Features/Social/CharacterIdentity.swift";
"sourceTree" = "<group>";
};
"2BC94B3F9EFE2E6D09170C17" = {
"isa" = "PBXBuildFile";
"fileRef" = "C4BC0AA889F12C15EF3A9261";
};
"98BA2B649F53F164D3365E5B" = {
"isa" = "PBXFileReference";
"lastKnownFileType" = "sourcecode.swift";
"path" = "CharacterHost/Features/Social/CharacterLibrary.swift";
"sourceTree" = "<group>";
};
"AD86BD847A24EE14FCAFA898" = {
"isa" = "PBXBuildFile";
"fileRef" = "98BA2B649F53F164D3365E5B";
};
"F9B8E35C7749A64CDA65EC00" = {
"isa" = "PBXFileReference";
"lastKnownFileType" = "sourcecode.swift";
"path" = "CharacterHost/Features/Social/CharacterMarketplace.swift";
"sourceTree" = "<group>";
};
"C65B5650B3B8BEA7564C77A2" = {
"isa" = "PBXBuildFile";
"fileRef" = "F9B8E35C7749A64CDA65EC00";
};
"04E8AF6F66154F1E55CFE971" = {
"isa" = "PBXFileReference";
"lastKnownFileType" = "sourcecode.swift";
"path" = "CharacterHost/Features/Social/CharacterPrediction.swift";
"sourceTree" = "<group>";
};
"2A56B31753A8FFE91AB53499" = {
"isa" = "PBXBuildFile";
"fileRef" = "04E8AF6F66154F1E55CFE971";
};
"6C0EC7A0A16130293BDDDA28" = {
"isa" = "PBXFileReference";
"lastKnownFileType" = "sourcecode.swift";
"path" = "CharacterHost/Features/Social/ConversationSearch.swift";
"sourceTree" = "<group>";
};
"0DA29C0539BB1175AD2B37FE" = {
"isa" = "PBXBuildFile";
"fileRef" = "6C0EC7A0A16130293BDDDA28";
};
"F8AD9E77F14A3564C8823266" = {
"isa" = "PBXFileReference";
"lastKnownFileType" = "sourcecode.swift";
"path" = "CharacterHost/Features/Social/ConversationSwipeRow.swift";
"sourceTree" = "<group>";
};
"9AF19EB0C10A9E1E5F3EE83E" = {
"isa" = "PBXBuildFile";
"fileRef" = "F8AD9E77F14A3564C8823266";
};
"46CB631B4C8DBD456218F71B" = {
"isa" = "PBXFileReference";
"lastKnownFileType" = "sourcecode.swift";
"path" = "CharacterHost/Features/Social/CreateCharacterPage.swift";
"sourceTree" = "<group>";
};
"7DBD6FD48AD509039514F1BD" = {
"isa" = "PBXBuildFile";
"fileRef" = "46CB631B4C8DBD456218F71B";
};
"154391CB3B989C865EBE8AEB" = {
"isa" = "PBXFileReference";
"lastKnownFileType" = "sourcecode.swift";
"path" = "CharacterHost/Features/Social/DiscoverPage.swift";
"sourceTree" = "<group>";
};
"C41ED781C6BDC3FDCA1FF5A3" = {
"isa" = "PBXBuildFile";
"fileRef" = "154391CB3B989C865EBE8AEB";
};
"91660C65E3B1EB890923A88E" = {
"isa" = "PBXFileReference";
"lastKnownFileType" = "sourcecode.swift";
"path" = "CharacterHost/Features/Social/MessagesPage.swift";
"sourceTree" = "<group>";
};
"44E6E608361C9C7E084B1149" = {
"isa" = "PBXBuildFile";
"fileRef" = "91660C65E3B1EB890923A88E";
};
"AB5883B19A86534FED4DF80B" = {
"isa" = "PBXFileReference";
"lastKnownFileType" = "sourcecode.swift";
"path" = "CharacterHost/Features/Social/MyPage.swift";
"sourceTree" = "<group>";
};
"42F0CC3EDF48BCF02C098D6A" = {
"isa" = "PBXBuildFile";
"fileRef" = "AB5883B19A86534FED4DF80B";
};
"5D26BAEC919914A66FB6A62A" = {
"isa" = "PBXFileReference";
"lastKnownFileType" = "sourcecode.swift";
"path" = "CharacterHost/Features/Social/ProfileIdentityHeader.swift";
"sourceTree" = "<group>";
};
"1EC563D91CBA8EBFF3A354CD" = {
"isa" = "PBXBuildFile";
"fileRef" = "5D26BAEC919914A66FB6A62A";
};
"60E38B03DBDC8C370AFD4FB9" = {
"isa" = "PBXFileReference";
"lastKnownFileType" = "sourcecode.swift";
"path" = "CharacterHost/Features/Social/ThemeSettingsView.swift";
"sourceTree" = "<group>";
};
"934CABD016F161E64CDDAEA8" = {
"isa" = "PBXBuildFile";
"fileRef" = "60E38B03DBDC8C370AFD4FB9";
};
"A1B8F4ED902D8A877EE92014" = {
"isa" = "PBXFileReference";
"lastKnownFileType" = "sourcecode.swift";
"path" = "CharacterHost/Features/Viewer/AdaptiveViewerLayout.swift";
"sourceTree" = "<group>";
};
"D2F319C265B221D3C2484D8A" = {
"isa" = "PBXBuildFile";
"fileRef" = "A1B8F4ED902D8A877EE92014";
};
"2F809D5A9FFD3B6BEA557BB7" = {
"isa" = "PBXFileReference";
"lastKnownFileType" = "sourcecode.swift";
"path" = "CharacterHost/Features/Viewer/AtmosphereLevelSlider.swift";
"sourceTree" = "<group>";
};
"7FF0944E5303F48EB8600F2B" = {
"isa" = "PBXBuildFile";
"fileRef" = "2F809D5A9FFD3B6BEA557BB7";
};
"AC8E7EA7E44625F71A728DBD" = {
"isa" = "PBXFileReference";
"lastKnownFileType" = "sourcecode.swift";
"path" = "CharacterHost/Features/Viewer/CharacterHoldHaptics.swift";
"sourceTree" = "<group>";
};
"EA1CA6F035BC4FDD51623A0B" = {
"isa" = "PBXBuildFile";
"fileRef" = "AC8E7EA7E44625F71A728DBD";
};
"591D6F35CA01ED7281BBC7BB" = {
"isa" = "PBXFileReference";
"lastKnownFileType" = "sourcecode.swift";
"path" = "CharacterHost/Features/Viewer/CharacterInspectionHint.swift";
"sourceTree" = "<group>";
};
"7478246FBA20394C42A765EC" = {
"isa" = "PBXBuildFile";
"fileRef" = "591D6F35CA01ED7281BBC7BB";
};
"3A8BCA224EBAD187E4D61C2B" = {
"isa" = "PBXFileReference";
"lastKnownFileType" = "sourcecode.swift";
"path" = "CharacterHost/Features/Viewer/CharacterTouchSurface.swift";
"sourceTree" = "<group>";
};
"69FD22E9E49D035B68C011D7" = {
"isa" = "PBXBuildFile";
"fileRef" = "3A8BCA224EBAD187E4D61C2B";
};
"4DD2222702ACB22B8B92FB8D" = {
"isa" = "PBXFileReference";
"lastKnownFileType" = "sourcecode.swift";
"path" = "CharacterHost/Features/Viewer/CharacterViewEditorPanel.swift";
"sourceTree" = "<group>";
};
"846198D505E6DD5D0C5CF46D" = {
"isa" = "PBXBuildFile";
"fileRef" = "4DD2222702ACB22B8B92FB8D";
};
"51C6CAC36B2DA14D0FF013A9" = {
"isa" = "PBXFileReference";
"lastKnownFileType" = "sourcecode.swift";
"path" = "CharacterHost/Features/Viewer/CharacterViewPresets.swift";
"sourceTree" = "<group>";
};
"0CBC3C3960A02E854938DCFF" = {
"isa" = "PBXBuildFile";
"fileRef" = "51C6CAC36B2DA14D0FF013A9";
};
"B55A66D359A22B6813C4F648" = {
"isa" = "PBXFileReference";
"lastKnownFileType" = "sourcecode.swift";
"path" = "CharacterHost/Features/Viewer/LoadingView.swift";
"sourceTree" = "<group>";
};
"B61D050F4ACB7FB2795B86D3" = {
"isa" = "PBXBuildFile";
"fileRef" = "B55A66D359A22B6813C4F648";
};
"8A329B427923621E5901E2EE" = {
"isa" = "PBXFileReference";
"lastKnownFileType" = "sourcecode.swift";
"path" = "CharacterHost/Features/Viewer/ModelLoadingPresentation.swift";
"sourceTree" = "<group>";
};
"110612D66D3EDE8F5980C4F8" = {
"isa" = "PBXBuildFile";
"fileRef" = "8A329B427923621E5901E2EE";
};
"7DFD7779096346AE62FEBCCE" = {
"isa" = "PBXFileReference";
"lastKnownFileType" = "sourcecode.swift";
"path" = "CharacterHost/Features/Viewer/NativeWindowHandoff.swift";
"sourceTree" = "<group>";
};
"23391616D56E403DD119245B" = {
"isa" = "PBXBuildFile";
"fileRef" = "7DFD7779096346AE62FEBCCE";
};
"02209696F254DD85E8E758BD" = {
"isa" = "PBXFileReference";
"lastKnownFileType" = "sourcecode.swift";
"path" = "CharacterHost/Features/Viewer/SoftSheetTransition.swift";
"sourceTree" = "<group>";
};
"5282503CDD142042E3CB3E49" = {
"isa" = "PBXBuildFile";
"fileRef" = "02209696F254DD85E8E758BD";
};
"0B12592E9DED6591E6D25AAA" = {
"isa" = "PBXFileReference";
"lastKnownFileType" = "sourcecode.swift";
"path" = "CharacterHost/Features/Viewer/ViewerCoordinator.swift";
"sourceTree" = "<group>";
};
"21AB32B1F429FAA01198C1B4" = {
"isa" = "PBXBuildFile";
"fileRef" = "0B12592E9DED6591E6D25AAA";
};
"37C276CEF87A04A3626BBA6D" = {
"isa" = "PBXFileReference";
"lastKnownFileType" = "sourcecode.swift";
"path" = "CharacterHost/Features/Viewer/ViewerOverlayController.swift";
"sourceTree" = "<group>";
};
"49664F5F2BFCFAB79D4AD652" = {
"isa" = "PBXBuildFile";
"fileRef" = "37C276CEF87A04A3626BBA6D";
};
"1800B288B2B5A40F8BD9BCD2" = {
"isa" = "PBXFileReference";
"lastKnownFileType" = "folder.assetcatalog";
"path" = "CharacterHost/Resources/Assets.xcassets";
"sourceTree" = "<group>";
};
"10F900BC2E476BA64AD86206" = {
"isa" = "PBXBuildFile";
"fileRef" = "1800B288B2B5A40F8BD9BCD2";
};
"08711C62AD8759A9D550FBD0" = {
"isa" = "PBXFileReference";
"lastKnownFileType" = "text.json";
"path" = "CharacterHost/Resources/CharacterAtmospheres.json";
"sourceTree" = "<group>";
};
"C4AACF0DE693D4FDA959CBBA" = {
"isa" = "PBXBuildFile";
"fileRef" = "08711C62AD8759A9D550FBD0";
};
"DA9FFC651CAE2354711F8924" = {
"isa" = "PBXFileReference";
"lastKnownFileType" = "text.json";
"path" = "CharacterHost/Resources/CharacterCatalog.json";
"sourceTree" = "<group>";
};
"971A13A2A0EC0F84DF788443" = {
"isa" = "PBXBuildFile";
"fileRef" = "DA9FFC651CAE2354711F8924";
};
"5B10C8E9233E0A51229F5EA0" = {
"isa" = "PBXFileReference";
"lastKnownFileType" = "text.json";
"path" = "CharacterHost/Resources/CharacterCollections.json";
"sourceTree" = "<group>";
};
"499BF45CADFE83A609841BD3" = {
"isa" = "PBXBuildFile";
"fileRef" = "5B10C8E9233E0A51229F5EA0";
};
"888C4A4D3CB1DF59A1C90E7D" = {
"isa" = "PBXFileReference";
"lastKnownFileType" = "text.json";
"path" = "CharacterHost/Resources/CharacterCoverCatalog.json";
"sourceTree" = "<group>";
};
"8CECAA99A5C07A74FDD23831" = {
"isa" = "PBXBuildFile";
"fileRef" = "888C4A4D3CB1DF59A1C90E7D";
};
"0761EDBF1D19FAF07D8F5C1F" = {
"isa" = "PBXFileReference";
"lastKnownFileType" = "text.json";
"path" = "CharacterHost/Resources/CharacterOpenings.json";
"sourceTree" = "<group>";
};
"CF96BBCB4A3BB6AC6CB76E86" = {
"isa" = "PBXBuildFile";
"fileRef" = "0761EDBF1D19FAF07D8F5C1F";
};
"EDEAECF14D307E3939292FE0" = {
"isa" = "PBXFileReference";
"lastKnownFileType" = "text";
"path" = "CharacterHost/Resources/CharacterPackageCredits.txt";
"sourceTree" = "<group>";
};
"5E6B658FE9F6E50BC7ED8927" = {
"isa" = "PBXBuildFile";
"fileRef" = "EDEAECF14D307E3939292FE0";
};
"740408D74B6B1A364583BD9D" = {
"isa" = "PBXFileReference";
"lastKnownFileType" = "text.json";
"path" = "CharacterHost/Resources/CharacterPublicProfiles.json";
"sourceTree" = "<group>";
};
"C0141701FB0E2F30FE1577FD" = {
"isa" = "PBXBuildFile";
"fileRef" = "740408D74B6B1A364583BD9D";
};
"A550092D774A0E0908EEB3FA" = {
"isa" = "PBXFileReference";
"lastKnownFileType" = "text.json";
"path" = "CharacterHost/Resources/CharacterSourceCredits.json";
"sourceTree" = "<group>";
};
"F9CBA780B175FB11C1274981" = {
"isa" = "PBXBuildFile";
"fileRef" = "A550092D774A0E0908EEB3FA";
};
"195EB9B9867247AF102656F9" = {
"isa" = "PBXFileReference";
"lastKnownFileType" = "text.json";
"path" = "CharacterHost/Resources/EnvironmentCatalog.json";
"sourceTree" = "<group>";
};
"2C434032175DB1B55BED18AB" = {
"isa" = "PBXBuildFile";
"fileRef" = "195EB9B9867247AF102656F9";
};
"FF228C56A1ADF210E24B70E2" = {
"isa" = "PBXFileReference";
"lastKnownFileType" = "audio.wav";
"path" = "CharacterHost/Resources/IslandAfternoon.wav";
"sourceTree" = "<group>";
};
"0C26B318CE92EB7EF4B456C7" = {
"isa" = "PBXBuildFile";
"fileRef" = "FF228C56A1ADF210E24B70E2";
};
"3E7BE38EBAC348762555B91D" = {
"isa" = "PBXFileReference";
"lastKnownFileType" = "text";
"path" = "CharacterHost/Resources/LilToonCredits.txt";
"sourceTree" = "<group>";
};
"CA71F076E91963ECB20A99E1" = {
"isa" = "PBXBuildFile";
"fileRef" = "3E7BE38EBAC348762555B91D";
};
"23B80ED8F43497CCDA6FD745" = {
"isa" = "PBXFileReference";
"lastKnownFileType" = "text.json";
"path" = "CharacterHost/Resources/MarketplaceCatalog.json";
"sourceTree" = "<group>";
};
"3B16AF02A65A45DA1CE6DE49" = {
"isa" = "PBXBuildFile";
"fileRef" = "23B80ED8F43497CCDA6FD745";
};
"98409F259E6E55BB2FEF2479" = {
"isa" = "PBXFileReference";
"lastKnownFileType" = "text";
"path" = "CharacterHost/Resources/MikuCredits.txt";
"sourceTree" = "<group>";
};
"E5B5610FB6E3AEF499D5E97F" = {
"isa" = "PBXBuildFile";
"fileRef" = "98409F259E6E55BB2FEF2479";
};
"3EE6154134CAA4CC6743724B" = {
"isa" = "PBXFileReference";
"lastKnownFileType" = "audio.wav";
"path" = "CharacterHost/Resources/MoonlitTide.wav";
"sourceTree" = "<group>";
};
"7E894E7ACF93CB46783D6264" = {
"isa" = "PBXBuildFile";
"fileRef" = "3EE6154134CAA4CC6743724B";
};
"1B9E678438A311D28C801E58" = {
"isa" = "PBXFileReference";
"lastKnownFileType" = "text";
"path" = "CharacterHost/Resources/MusicCredits.txt";
"sourceTree" = "<group>";
};
"8A55294D6219FEBC0FFC5C37" = {
"isa" = "PBXBuildFile";
"fileRef" = "1B9E678438A311D28C801E58";
};
"EF2F70A71F0B6C547251EB23" = {
"isa" = "PBXFileReference";
"lastKnownFileType" = "audio.caf";
"path" = "CharacterHost/Resources/Music_anime_chiffon_theme.caf";
"sourceTree" = "<group>";
};
"ACA13E33A5E96BD547A538C0" = {
"isa" = "PBXBuildFile";
"fileRef" = "EF2F70A71F0B6C547251EB23";
};
"219EAE66097DDF5D84D9B716" = {
"isa" = "PBXFileReference";
"lastKnownFileType" = "audio.caf";
"path" = "CharacterHost/Resources/Music_anime_ichigo_theme.caf";
"sourceTree" = "<group>";
};
"4691C798330F4FAADCEE2F8B" = {
"isa" = "PBXBuildFile";
"fileRef" = "219EAE66097DDF5D84D9B716";
};
"16821F5AF2BB470DBEEB4BA6" = {
"isa" = "PBXFileReference";
"lastKnownFileType" = "audio.caf";
"path" = "CharacterHost/Resources/Music_anime_karin_theme.caf";
"sourceTree" = "<group>";
};
"E6E05765247A31A1FFCE4C46" = {
"isa" = "PBXBuildFile";
"fileRef" = "16821F5AF2BB470DBEEB4BA6";
};
"F885F75CCAEF0F97CB58674D" = {
"isa" = "PBXFileReference";
"lastKnownFileType" = "audio.caf";
"path" = "CharacterHost/Resources/Music_anime_kipfel_theme.caf";
"sourceTree" = "<group>";
};
"EE9A2080148330ED4C87E7DD" = {
"isa" = "PBXBuildFile";
"fileRef" = "F885F75CCAEF0F97CB58674D";
};
"CEFBBED948ADDBDDED86E1F3" = {
"isa" = "PBXFileReference";
"lastKnownFileType" = "audio.caf";
"path" = "CharacterHost/Resources/Music_anime_lime_theme.caf";
"sourceTree" = "<group>";
};
"F9180DDF77160D6B9E40C551" = {
"isa" = "PBXBuildFile";
"fileRef" = "CEFBBED948ADDBDDED86E1F3";
};
"C18B932B09E62BE09695E8A1" = {
"isa" = "PBXFileReference";
"lastKnownFileType" = "audio.caf";
"path" = "CharacterHost/Resources/Music_anime_mafuyu_theme.caf";
"sourceTree" = "<group>";
};
"729E7CBE6A0C73078F4A0A9C" = {
"isa" = "PBXBuildFile";
"fileRef" = "C18B932B09E62BE09695E8A1";
};
"073E38B6C43A1F649253DA3E" = {
"isa" = "PBXFileReference";
"lastKnownFileType" = "audio.caf";
"path" = "CharacterHost/Resources/Music_anime_mamehinata_theme.caf";
"sourceTree" = "<group>";
};
"7C90CCCE1C7C9711B7D06090" = {
"isa" = "PBXBuildFile";
"fileRef" = "073E38B6C43A1F649253DA3E";
};
"338ACF020F4EE71FD5710E87" = {
"isa" = "PBXFileReference";
"lastKnownFileType" = "audio.caf";
"path" = "CharacterHost/Resources/Music_anime_nozomi_theme.caf";
"sourceTree" = "<group>";
};
"21FEE17DDEE78001929D9DC2" = {
"isa" = "PBXBuildFile";
"fileRef" = "338ACF020F4EE71FD5710E87";
};
"BD72C78F5F9A4DF872C6F7B7" = {
"isa" = "PBXFileReference";
"lastKnownFileType" = "audio.caf";
"path" = "CharacterHost/Resources/Music_anime_plum_theme.caf";
"sourceTree" = "<group>";
};
"9B1AD4D475277422089FD06B" = {
"isa" = "PBXBuildFile";
"fileRef" = "BD72C78F5F9A4DF872C6F7B7";
};
"8D655822E2BADA47A859B9E8" = {
"isa" = "PBXFileReference";
"lastKnownFileType" = "audio.caf";
"path" = "CharacterHost/Resources/Music_anime_siska_theme.caf";
"sourceTree" = "<group>";
};
"FA3C6437B0BCE1A5CE62DF85" = {
"isa" = "PBXBuildFile";
"fileRef" = "8D655822E2BADA47A859B9E8";
};
"81CAD84BE3BE360F68F3B5FE" = {
"isa" = "PBXFileReference";
"lastKnownFileType" = "audio.caf";
"path" = "CharacterHost/Resources/Music_anime_torao_theme.caf";
"sourceTree" = "<group>";
};
"F4246B8AD2A2BFF7BE518A67" = {
"isa" = "PBXBuildFile";
"fileRef" = "81CAD84BE3BE360F68F3B5FE";
};
"67347551F352301126A4B23F" = {
"isa" = "PBXFileReference";
"lastKnownFileType" = "file";
"path" = "CharacterHost/Resources/Opening_anime_chiffon_1.pcm";
"sourceTree" = "<group>";
};
"4D278D91EE488D47DE4DDB72" = {
"isa" = "PBXBuildFile";
"fileRef" = "67347551F352301126A4B23F";
};
"C860318ED1F7C674198E3929" = {
"isa" = "PBXFileReference";
"lastKnownFileType" = "file";
"path" = "CharacterHost/Resources/Opening_anime_chiffon_2.pcm";
"sourceTree" = "<group>";
};
"03BB328CB602E86C62B13038" = {
"isa" = "PBXBuildFile";
"fileRef" = "C860318ED1F7C674198E3929";
};
"3895E2CA040276A292553C67" = {
"isa" = "PBXFileReference";
"lastKnownFileType" = "file";
"path" = "CharacterHost/Resources/Opening_anime_chiffon_3.pcm";
"sourceTree" = "<group>";
};
"6BDEE46C8694DEF398E9AED0" = {
"isa" = "PBXBuildFile";
"fileRef" = "3895E2CA040276A292553C67";
};
"B4B5E5BEABA53FEF5CF94C7C" = {
"isa" = "PBXFileReference";
"lastKnownFileType" = "file";
"path" = "CharacterHost/Resources/Opening_anime_ichigo_1.pcm";
"sourceTree" = "<group>";
};
"04740C5FC29047180C8A5EF8" = {
"isa" = "PBXBuildFile";
"fileRef" = "B4B5E5BEABA53FEF5CF94C7C";
};
"AB77ECA8BE4E40E6383B425E" = {
"isa" = "PBXFileReference";
"lastKnownFileType" = "file";
"path" = "CharacterHost/Resources/Opening_anime_ichigo_2.pcm";
"sourceTree" = "<group>";
};
"05D7D45F9BC13896706B358D" = {
"isa" = "PBXBuildFile";
"fileRef" = "AB77ECA8BE4E40E6383B425E";
};
"3ED3F122A1F55E4084947A46" = {
"isa" = "PBXFileReference";
"lastKnownFileType" = "file";
"path" = "CharacterHost/Resources/Opening_anime_ichigo_3.pcm";
"sourceTree" = "<group>";
};
"0BC25A0B26F08D9FF4748A6D" = {
"isa" = "PBXBuildFile";
"fileRef" = "3ED3F122A1F55E4084947A46";
};
"5F70AB416C897CC13421196D" = {
"isa" = "PBXFileReference";
"lastKnownFileType" = "file";
"path" = "CharacterHost/Resources/Opening_anime_karin_1.pcm";
"sourceTree" = "<group>";
};
"E6A79E45CB215EEFA3DCD5CE" = {
"isa" = "PBXBuildFile";
"fileRef" = "5F70AB416C897CC13421196D";
};
"F6A42F88C07342574F8FA25D" = {
"isa" = "PBXFileReference";
"lastKnownFileType" = "file";
"path" = "CharacterHost/Resources/Opening_anime_karin_2.pcm";
"sourceTree" = "<group>";
};
"AE7F5DD8BDE9375B299C3323" = {
"isa" = "PBXBuildFile";
"fileRef" = "F6A42F88C07342574F8FA25D";
};
"B40A4EFE4698233B37E97F3F" = {
"isa" = "PBXFileReference";
"lastKnownFileType" = "file";
"path" = "CharacterHost/Resources/Opening_anime_karin_3.pcm";
"sourceTree" = "<group>";
};
"35B0BC5BE388439F515DDC0B" = {
"isa" = "PBXBuildFile";
"fileRef" = "B40A4EFE4698233B37E97F3F";
};
"0A676E3BB5646EA681B757D0" = {
"isa" = "PBXFileReference";
"lastKnownFileType" = "file";
"path" = "CharacterHost/Resources/Opening_anime_kipfel_1.pcm";
"sourceTree" = "<group>";
};
"78E6CDDD74DC283FF8E07752" = {
"isa" = "PBXBuildFile";
"fileRef" = "0A676E3BB5646EA681B757D0";
};
"39AED3A9F81203B8C996DBA2" = {
"isa" = "PBXFileReference";
"lastKnownFileType" = "file";
"path" = "CharacterHost/Resources/Opening_anime_kipfel_2.pcm";
"sourceTree" = "<group>";
};
"9A200E985DDCC45D9848646C" = {
"isa" = "PBXBuildFile";
"fileRef" = "39AED3A9F81203B8C996DBA2";
};
"EE32CAD3D57086582038E536" = {
"isa" = "PBXFileReference";
"lastKnownFileType" = "file";
"path" = "CharacterHost/Resources/Opening_anime_kipfel_3.pcm";
"sourceTree" = "<group>";
};
"4D024291B2B298E18E1CF1B2" = {
"isa" = "PBXBuildFile";
"fileRef" = "EE32CAD3D57086582038E536";
};
"1EF9004F7FE7D7ADCC0E8445" = {
"isa" = "PBXFileReference";
"lastKnownFileType" = "file";
"path" = "CharacterHost/Resources/Opening_anime_lime_1.pcm";
"sourceTree" = "<group>";
};
"CF91FCB31366CD1E298A5553" = {
"isa" = "PBXBuildFile";
"fileRef" = "1EF9004F7FE7D7ADCC0E8445";
};
"F2F4F75B87E49379C556CBF1" = {
"isa" = "PBXFileReference";
"lastKnownFileType" = "file";
"path" = "CharacterHost/Resources/Opening_anime_lime_2.pcm";
"sourceTree" = "<group>";
};
"5BF6488AD5267E7EF0D511A4" = {
"isa" = "PBXBuildFile";
"fileRef" = "F2F4F75B87E49379C556CBF1";
};
"C9B64E6A02F2EF85FF431AC2" = {
"isa" = "PBXFileReference";
"lastKnownFileType" = "file";
"path" = "CharacterHost/Resources/Opening_anime_lime_3.pcm";
"sourceTree" = "<group>";
};
"6EA42CC6F69D5BFC40E4D476" = {
"isa" = "PBXBuildFile";
"fileRef" = "C9B64E6A02F2EF85FF431AC2";
};
"2FA3C034BE54849450C55E07" = {
"isa" = "PBXFileReference";
"lastKnownFileType" = "file";
"path" = "CharacterHost/Resources/Opening_anime_mafuyu_1.pcm";
"sourceTree" = "<group>";
};
"C9D3DA3EF2593A1BB2F38C9D" = {
"isa" = "PBXBuildFile";
"fileRef" = "2FA3C034BE54849450C55E07";
};
"15B640CF2AFEA9DE1A50B17F" = {
"isa" = "PBXFileReference";
"lastKnownFileType" = "file";
"path" = "CharacterHost/Resources/Opening_anime_mafuyu_2.pcm";
"sourceTree" = "<group>";
};
"8546A04407C881DBE3ECFEEB" = {
"isa" = "PBXBuildFile";
"fileRef" = "15B640CF2AFEA9DE1A50B17F";
};
"2BC7E45D1E4C6BF9E3D1D4CA" = {
"isa" = "PBXFileReference";
"lastKnownFileType" = "file";
"path" = "CharacterHost/Resources/Opening_anime_mafuyu_3.pcm";
"sourceTree" = "<group>";
};
"3F82B35BFDFF23162EBADCC2" = {
"isa" = "PBXBuildFile";
"fileRef" = "2BC7E45D1E4C6BF9E3D1D4CA";
};
"82AA8CE2A4A9E96E7BF5F45A" = {
"isa" = "PBXFileReference";
"lastKnownFileType" = "file";
"path" = "CharacterHost/Resources/Opening_anime_mamehinata_1.pcm";
"sourceTree" = "<group>";
};
"ABDABEC570A990480FF35506" = {
"isa" = "PBXBuildFile";
"fileRef" = "82AA8CE2A4A9E96E7BF5F45A";
};
"8DC5B5E6AF42DDF131347EBB" = {
"isa" = "PBXFileReference";
"lastKnownFileType" = "file";
"path" = "CharacterHost/Resources/Opening_anime_mamehinata_2.pcm";
"sourceTree" = "<group>";
};
"EFB58C48D13012654B677859" = {
"isa" = "PBXBuildFile";
"fileRef" = "8DC5B5E6AF42DDF131347EBB";
};
"CB1F662066E5290AF4C0C45D" = {
"isa" = "PBXFileReference";
"lastKnownFileType" = "file";
"path" = "CharacterHost/Resources/Opening_anime_mamehinata_3.pcm";
"sourceTree" = "<group>";
};
"1FB6F27B3E39F37210798910" = {
"isa" = "PBXBuildFile";
"fileRef" = "CB1F662066E5290AF4C0C45D";
};
"AD0E18F2EBAC66BC2ED79061" = {
"isa" = "PBXFileReference";
"lastKnownFileType" = "file";
"path" = "CharacterHost/Resources/Opening_anime_nozomi_1.pcm";
"sourceTree" = "<group>";
};
"A6E42FCCFCF1B6C0EB27ABC9" = {
"isa" = "PBXBuildFile";
"fileRef" = "AD0E18F2EBAC66BC2ED79061";
};
"21825F7F5DD43D701ED94750" = {
"isa" = "PBXFileReference";
"lastKnownFileType" = "file";
"path" = "CharacterHost/Resources/Opening_anime_nozomi_2.pcm";
"sourceTree" = "<group>";
};
"FAF7362295A2F0EF0569A684" = {
"isa" = "PBXBuildFile";
"fileRef" = "21825F7F5DD43D701ED94750";
};
"6179A1ED60686D48B5875970" = {
"isa" = "PBXFileReference";
"lastKnownFileType" = "file";
"path" = "CharacterHost/Resources/Opening_anime_nozomi_3.pcm";
"sourceTree" = "<group>";
};
"DE70F59D7920B5DC60361ACF" = {
"isa" = "PBXBuildFile";
"fileRef" = "6179A1ED60686D48B5875970";
};
"99E87F5E9E615DDEE2750864" = {
"isa" = "PBXFileReference";
"lastKnownFileType" = "file";
"path" = "CharacterHost/Resources/Opening_anime_plum_1.pcm";
"sourceTree" = "<group>";
};
"3341C0087B64B33CF312A992" = {
"isa" = "PBXBuildFile";
"fileRef" = "99E87F5E9E615DDEE2750864";
};
"7B05FD4A752A38B699EA3D67" = {
"isa" = "PBXFileReference";
"lastKnownFileType" = "file";
"path" = "CharacterHost/Resources/Opening_anime_plum_2.pcm";
"sourceTree" = "<group>";
};
"EE0D9F9A7643ADD7517FC6B0" = {
"isa" = "PBXBuildFile";
"fileRef" = "7B05FD4A752A38B699EA3D67";
};
"F23638801E569BE4C16B43D4" = {
"isa" = "PBXFileReference";
"lastKnownFileType" = "file";
"path" = "CharacterHost/Resources/Opening_anime_plum_3.pcm";
"sourceTree" = "<group>";
};
"2CD81B9880BEDBE548D256C6" = {
"isa" = "PBXBuildFile";
"fileRef" = "F23638801E569BE4C16B43D4";
};
"F01B68355B6833F384EF8D48" = {
"isa" = "PBXFileReference";
"lastKnownFileType" = "file";
"path" = "CharacterHost/Resources/Opening_anime_siska_1.pcm";
"sourceTree" = "<group>";
};
"9FFAC63EA1CF014F13B9D7E7" = {
"isa" = "PBXBuildFile";
"fileRef" = "F01B68355B6833F384EF8D48";
};
"D259DB0BB1ED68770328DAF7" = {
"isa" = "PBXFileReference";
"lastKnownFileType" = "file";
"path" = "CharacterHost/Resources/Opening_anime_siska_2.pcm";
"sourceTree" = "<group>";
};
"33E406E175BB2BF1198FC26B" = {
"isa" = "PBXBuildFile";
"fileRef" = "D259DB0BB1ED68770328DAF7";
};
"443F292361E8DA14ABE68690" = {
"isa" = "PBXFileReference";
"lastKnownFileType" = "file";
"path" = "CharacterHost/Resources/Opening_anime_siska_3.pcm";
"sourceTree" = "<group>";
};
"33983D952E7F7EED2BEE08A3" = {
"isa" = "PBXBuildFile";
"fileRef" = "443F292361E8DA14ABE68690";
};
"22D390328AC344F437244309" = {
"isa" = "PBXFileReference";
"lastKnownFileType" = "file";
"path" = "CharacterHost/Resources/Opening_anime_torao_1.pcm";
"sourceTree" = "<group>";
};
"B4FA57475A351E2869C2D103" = {
"isa" = "PBXBuildFile";
"fileRef" = "22D390328AC344F437244309";
};
"52FC1A154A8702FBF5B847A8" = {
"isa" = "PBXFileReference";
"lastKnownFileType" = "file";
"path" = "CharacterHost/Resources/Opening_anime_torao_2.pcm";
"sourceTree" = "<group>";
};
"A48B8659F65B91395F1B8670" = {
"isa" = "PBXBuildFile";
"fileRef" = "52FC1A154A8702FBF5B847A8";
};
"9C1930BC937C8E9E5C850014" = {
"isa" = "PBXFileReference";
"lastKnownFileType" = "file";
"path" = "CharacterHost/Resources/Opening_anime_torao_3.pcm";
"sourceTree" = "<group>";
};
"7ACF34ABE2FCB69543D836B8" = {
"isa" = "PBXBuildFile";
"fileRef" = "9C1930BC937C8E9E5C850014";
};
"F04C212E18E5181DD58BD36D" = {
"isa" = "PBXFileReference";
"lastKnownFileType" = "text";
"path" = "CharacterHost/Resources/RealCharacterCredits.txt";
"sourceTree" = "<group>";
};
"5D5A6611BECB46B23AC1C0A4" = {
"isa" = "PBXBuildFile";
"fileRef" = "F04C212E18E5181DD58BD36D";
};
"919C892D47B1DDD2FAAC4735" = {
"isa" = "PBXFileReference";
"lastKnownFileType" = "text";
"path" = "CharacterHost/Resources/SoundscapeCredits.txt";
"sourceTree" = "<group>";
};
"C370B5E29BF4911234447574" = {
"isa" = "PBXBuildFile";
"fileRef" = "919C892D47B1DDD2FAAC4735";
};
"16AEE6F4D0100BB9808F3CC7" = {
"isa" = "PBXFileReference";
"lastKnownFileType" = "text";
"path" = "CharacterHost/Resources/UnityToonCredits.txt";
"sourceTree" = "<group>";
};
"4A9558B325C387AE9A8CCF49" = {
"isa" = "PBXBuildFile";
"fileRef" = "16AEE6F4D0100BB9808F3CC7";
};
"C43596C17989DF8874DB0D39" = {
"isa" = "PBXFileReference";
"lastKnownFileType" = "text";
"path" = "../.local/character-ai-client/ClientAIRules.txt";
"sourceTree" = "<group>";
};
"87280365CF85EE50EA4FAE91" = {
"isa" = "PBXBuildFile";
"fileRef" = "C43596C17989DF8874DB0D39";
};
"A5763C19A916F00AA777D63F" = {
"isa" = "PBXFileReference";
"lastKnownFileType" = "text.json";
"path" = "../.local/character-ai-client/Connection.json";
"sourceTree" = "<group>";
};
"D18DBA82AC420AFE3F2B1FDA" = {
"isa" = "PBXBuildFile";
"fileRef" = "A5763C19A916F00AA777D63F";
};
"681C948D238C526E9E3424E0" = {
"isa" = "PBXFileReference";
"explicitFileType" = "wrapper.application";
"path" = "CharacterHost.app";
"sourceTree" = "BUILT_PRODUCTS_DIR";
"includeInIndex" = "0";
};
"CB3255F92114B0395E8C3EE9" = {
"isa" = "PBXFileReference";
"lastKnownFileType" = "wrapper.pb-project";
"path" = "../build/unity-device/Unity-iPhone.xcodeproj";
"sourceTree" = "<group>";
};
"03F62868DF10F8439BA3F58E" = {
"isa" = "PBXContainerItemProxy";
"containerPortal" = "CB3255F92114B0395E8C3EE9";
"proxyType" = "1";
"remoteGlobalIDString" = "9D25AB9C213FB47800354C27";
"remoteInfo" = "UnityFramework";
};
"A34B647EFF93536343B34074" = {
"isa" = "PBXContainerItemProxy";
"containerPortal" = "CB3255F92114B0395E8C3EE9";
"proxyType" = "2";
"remoteGlobalIDString" = "9D25AB9D213FB47800354C27";
"remoteInfo" = "UnityFramework";
};
"3A17734D12A207BFCD813469" = {
"isa" = "PBXReferenceProxy";
"fileType" = "wrapper.framework";
"path" = "UnityFramework.framework";
"remoteRef" = "A34B647EFF93536343B34074";
"sourceTree" = "BUILT_PRODUCTS_DIR";
};
"01EED0CD13F1E9A25C9074F8" = {
"isa" = "PBXGroup";
"name" = "Products";
"children" = ("3A17734D12A207BFCD813469");
"sourceTree" = "<group>";
};
"30B398FAAF664C355DBBC942" = {
"isa" = "PBXTargetDependency";
"name" = "UnityFramework";
"targetProxy" = "03F62868DF10F8439BA3F58E";
};
"0A3E27B8CA818264D75C8D81" = {
"isa" = "PBXGroup";
"name" = "Products";
"children" = ("681C948D238C526E9E3424E0","F739566ED5280322FF98A798");
"sourceTree" = "<group>";
};
"878A52FC5FF6A57D50B7B870" = {
"isa" = "PBXSourcesBuildPhase";
"buildActionMask" = "2147483647";
"files" = ("BAA0FE62724BF1FDF42F896A","EC47D2F62C09E7C34DC9828B","D20F926C2E5FD2F266CA2A5C","5D3D2AA8033CCAE0DCDF9806","3E74310C2A0EFB134CEA2A53","F761406F0B923FA42F80AAD6","369928478F3C0CA2BFD0885E","243B040AA29F282B4F92F17E","ECE11C897495A3044D96E622","2CB60BC0FE60AA4782323923","11A9A4A7F6AB5655E3F38C4D","005E93DDDEEF7651D8D9D262","64811D353F9A0045AC96E665","3C1E29A4956105B37BE89516","64FD23E8BF3A0BB14F3F9DF7","24E134B6F290FD17E00D3080","0A980DE993B485D31A61720E","F55C3C76C8C5D38040E4ADF0","3CD8BC259A826B2FCF7C6F40","6A4390C79DAC6FF3074F70A0","FC2618D1DEE91BED86C186D2","636A04378B67047CE3EB6375","19FF0F4B623F121BB264019A","86DA5643DEB9EED8225BAF72","14BE682F051983E090CD680F","7D73229F8B2CCB4081181603","207424D3522CB8F8EDDE5058","05C84685288632B02D0A7E67","095B15A233108F69A69CCC36","7DD3F7D643EBF50D6700A50B","5CDF0A90C5FF30653463ED22","B3948514DDEE189D1EA9C449","0CBF348F46596CABAD58520A","5D66A80C8B88358AE6497E97","7A44D8A0742CA3758E18A96C","7920C0CB325CFC2B28F63C6F","693B978F86B4162F4FD86F11","340A25E778B7E389280023D5","243257F3A6BE35B648B4C457","9C8A71438CFDCDE66B40AB0E","BF3A72A7D7C97C0E60F9FF31","3887274C60C752B47D9DF6DB","9453DBBFDA99DE4D321DB339","3E2935CCEFC05035726CBA92","EB9951DACEAEB4FC5898088B","823985E34F1EC5F9180B793E","1B0F75F3CDD215441398798E","D210D25DB3F38CF036928363","B4B49A8206011ACBC9D0123A","6D5B905DD331E9C2D9F585EC","365B5C071873E3C37DE37FAD","CD11760ECD802CB0361ED134","D3B0E37885EB6A9344FCAA66","C16A4102C3B783259F4DE3EB","5CE81140A116FF6E999C7B1C","4462B24C7082B82615BD0CF3","C8EFBF3BF55382EF4D91EE7D","105FB61C7B3C1E6D979C42CE","9C0F88276315AE05A61F7FC1","AD64D45FF463314BBBF81E72","66AA067F9F77BE38DEFA6965","9276DA954928348FCCB27F23","3C59CE3BFFC493DF83F7C260","1533808DB173A41FA7F101E7","3BB78F28BEA2369B1225F30F","FC1CDFA992FB2FF2CE2334EA","14B3FCE6D01B57CE5FB2F2DB","41EFD9A41FDB01FAF272E031","8ABB67E4C04487DBDB6DD586","7379AADD6C8297081794F7E0","670575C69EE6D50AAC8D416F","170E98B5E66F03EBE1E53B8F","9D738D97F4027A0ACB0D21C5","981346192A0873E27B6D5E86","C820D123FB5F2F110DEBAC1A","4F74A9BCFD8F5BBA952B4DDE","7C3ADDD26636220EBD48F434","CC1A1DE18275BCB088471A08","30342D7D8CD5324B5DC041D2","8F8C963819696632A2F13EC3","AC07CEA2887FED6AB8D6A202","C0856C0D280788640E25788E","DC12ED174B5BE98E7B1B9466","177CA219532E649ED61DF086","79159D85B43BCB2D14B61F31","0CF16516543377010DF6DE54","19FD09203D0608DA0489E51C","68CE395670BBD316F3D25C2D","F13DA40DAF90CF0B60F4FEB3","DD3427CE80544FE4EADC0E46","CDF0094BCB441DEAFB969845","CB45E5D61A122A98C12BB645","DE1674D8C13E5E4FF7EC0E52","2BC94B3F9EFE2E6D09170C17","AD86BD847A24EE14FCAFA898","C65B5650B3B8BEA7564C77A2","2A56B31753A8FFE91AB53499","0DA29C0539BB1175AD2B37FE","9AF19EB0C10A9E1E5F3EE83E","7DBD6FD48AD509039514F1BD","C41ED781C6BDC3FDCA1FF5A3","44E6E608361C9C7E084B1149","42F0CC3EDF48BCF02C098D6A","1EC563D91CBA8EBFF3A354CD","934CABD016F161E64CDDAEA8","D2F319C265B221D3C2484D8A","7FF0944E5303F48EB8600F2B","EA1CA6F035BC4FDD51623A0B","7478246FBA20394C42A765EC","69FD22E9E49D035B68C011D7","846198D505E6DD5D0C5CF46D","0CBC3C3960A02E854938DCFF","B61D050F4ACB7FB2795B86D3","110612D66D3EDE8F5980C4F8","23391616D56E403DD119245B","5282503CDD142042E3CB3E49","21AB32B1F429FAA01198C1B4","49664F5F2BFCFAB79D4AD652");
"runOnlyForDeploymentPostprocessing" = "0";
};
"41D311A605520FC7B8B9A980" = {
"isa" = "PBXResourcesBuildPhase";
"buildActionMask" = "2147483647";
"files" = ("9880806E3D775482AB1E2486","10F900BC2E476BA64AD86206","C4AACF0DE693D4FDA959CBBA","971A13A2A0EC0F84DF788443","499BF45CADFE83A609841BD3","8CECAA99A5C07A74FDD23831","CF96BBCB4A3BB6AC6CB76E86","5E6B658FE9F6E50BC7ED8927","C0141701FB0E2F30FE1577FD","F9CBA780B175FB11C1274981","2C434032175DB1B55BED18AB","0C26B318CE92EB7EF4B456C7","CA71F076E91963ECB20A99E1","3B16AF02A65A45DA1CE6DE49","E5B5610FB6E3AEF499D5E97F","7E894E7ACF93CB46783D6264","8A55294D6219FEBC0FFC5C37","ACA13E33A5E96BD547A538C0","4691C798330F4FAADCEE2F8B","E6E05765247A31A1FFCE4C46","EE9A2080148330ED4C87E7DD","F9180DDF77160D6B9E40C551","729E7CBE6A0C73078F4A0A9C","7C90CCCE1C7C9711B7D06090","21FEE17DDEE78001929D9DC2","9B1AD4D475277422089FD06B","FA3C6437B0BCE1A5CE62DF85","F4246B8AD2A2BFF7BE518A67","4D278D91EE488D47DE4DDB72","03BB328CB602E86C62B13038","6BDEE46C8694DEF398E9AED0","04740C5FC29047180C8A5EF8","05D7D45F9BC13896706B358D","0BC25A0B26F08D9FF4748A6D","E6A79E45CB215EEFA3DCD5CE","AE7F5DD8BDE9375B299C3323","35B0BC5BE388439F515DDC0B","78E6CDDD74DC283FF8E07752","9A200E985DDCC45D9848646C","4D024291B2B298E18E1CF1B2","CF91FCB31366CD1E298A5553","5BF6488AD5267E7EF0D511A4","6EA42CC6F69D5BFC40E4D476","C9D3DA3EF2593A1BB2F38C9D","8546A04407C881DBE3ECFEEB","3F82B35BFDFF23162EBADCC2","ABDABEC570A990480FF35506","EFB58C48D13012654B677859","1FB6F27B3E39F37210798910","A6E42FCCFCF1B6C0EB27ABC9","FAF7362295A2F0EF0569A684","DE70F59D7920B5DC60361ACF","3341C0087B64B33CF312A992","EE0D9F9A7643ADD7517FC6B0","2CD81B9880BEDBE548D256C6","9FFAC63EA1CF014F13B9D7E7","33E406E175BB2BF1198FC26B","33983D952E7F7EED2BEE08A3","B4FA57475A351E2869C2D103","A48B8659F65B91395F1B8670","7ACF34ABE2FCB69543D836B8","5D5A6611BECB46B23AC1C0A4","C370B5E29BF4911234447574","4A9558B325C387AE9A8CCF49","87280365CF85EE50EA4FAE91","D18DBA82AC420AFE3F2B1FDA");
"runOnlyForDeploymentPostprocessing" = "0";
};
"18870DA94DD7C724F985D0F7" = {
"isa" = "PBXBuildFile";
"fileRef" = "3A17734D12A207BFCD813469";
};
"E2AA269EB967A8853A258BFA" = {
"isa" = "PBXFrameworksBuildPhase";
"buildActionMask" = "2147483647";
"files" = ("18870DA94DD7C724F985D0F7");
"runOnlyForDeploymentPostprocessing" = "0";
};
"66CCE766932755EFC09F9DE9" = {
"isa" = "PBXBuildFile";
"fileRef" = "3A17734D12A207BFCD813469";
"settings" = {
"ATTRIBUTES" = ("CodeSignOnCopy","RemoveHeadersOnCopy");
};
};
"8A1EED22144C3F04485A69EE" = {
"isa" = "PBXCopyFilesBuildPhase";
"buildActionMask" = "2147483647";
"dstPath" = "";
"dstSubfolderSpec" = "10";
"name" = "Embed Frameworks";
"files" = ("66CCE766932755EFC09F9DE9");
"runOnlyForDeploymentPostprocessing" = "0";
};
"F61431B2C74AA8DD40D568F8" = {
"isa" = "PBXShellScriptBuildPhase";
"buildActionMask" = "2147483647";
"files" = ();
"inputPaths" = ();
"outputPaths" = ();
"name" = "Check character content";
"runOnlyForDeploymentPostprocessing" = "0";
"shellPath" = "/bin/sh";
"alwaysOutOfDate" = "1";
"shellScript" = "set -e\nif [ \"${ACTION:-}\" = install ] && echo \"${SWIFT_ACTIVE_COMPILATION_CONDITIONS:-}\" | /usr/bin/grep -q STARRY_TEST_TOOLS; then\n  echo \"error: Developer tools cannot be archived. Regenerate with scripts/generate_host.py --platform device --distribution.\"\n  exit 1\nfi\npython3 \"${SRCROOT}/../scripts/check_export_content.py\" --platform device\npython3 \"${SRCROOT}/../scripts/prepare_character_openings.py\" --check\n";
};
"66864AA84ECAA76D9D8D65CE" = {
"isa" = "XCBuildConfiguration";
"name" = "Debug";
"buildSettings" = {
"PRODUCT_NAME" = "$(TARGET_NAME)";
"PRODUCT_BUNDLE_IDENTIFIER" = "com.modelspace.viewer";
"PRODUCT_BUNDLE_IDENTIFIER[sdk=iphoneos*]" = "$(MODELSPACE_DEVICE_BUNDLE_IDENTIFIER)";
"INFOPLIST_FILE" = "CharacterHost/Info.plist";
"SWIFT_VERSION" = "6.0";
"SWIFT_OBJC_BRIDGING_HEADER" = "CharacterHost/Bridge/CharacterHost-Bridging-Header.h";
"IPHONEOS_DEPLOYMENT_TARGET" = "17.0";
"TARGETED_DEVICE_FAMILY" = "1,2";
"SDKROOT" = "iphoneos";
"SUPPORTED_PLATFORMS" = "iphoneos";
"CLANG_ENABLE_MODULES" = "YES";
"CLANG_ENABLE_OBJC_ARC" = "YES";
"CLANG_CXX_LANGUAGE_STANDARD" = "gnu++17";
"LD_RUNPATH_SEARCH_PATHS" = ("$(inherited)","@executable_path/Frameworks");
"FRAMEWORK_SEARCH_PATHS" = ("$(inherited)","$(BUILT_PRODUCTS_DIR)");
"OTHER_LDFLAGS" = ("$(inherited)","-lc++","-framework","CoreML","-framework","Accelerate");
"GCC_ENABLE_CPP_EXCEPTIONS" = "YES";
"CODE_SIGN_STYLE" = "Automatic";
"CURRENT_PROJECT_VERSION" = "105";
"MARKETING_VERSION" = "0.78.0";
"ENABLE_USER_SCRIPT_SANDBOXING" = "NO";
"SUPPORTS_MACCATALYST" = "NO";
"SWIFT_EMIT_LOC_STRINGS" = "YES";
"ARCHS" = "arm64";
"ENABLE_DEBUG_DYLIB" = "NO";
"ASSETCATALOG_COMPILER_APPICON_NAME" = "AppIcon";
"SWIFT_OPTIMIZATION_LEVEL" = "-Onone";
"GCC_OPTIMIZATION_LEVEL" = "0";
"DEBUG_INFORMATION_FORMAT" = "dwarf";
"SWIFT_ACTIVE_COMPILATION_CONDITIONS" = "$(inherited) DEBUG STARRY_TEST_TOOLS";
};
"baseConfigurationReference" = "6280E40656CCF01BD4D28240";
};
"01AC7102B8BB9ECCA93C85E0" = {
"isa" = "XCBuildConfiguration";
"name" = "Release";
"buildSettings" = {
"PRODUCT_NAME" = "$(TARGET_NAME)";
"PRODUCT_BUNDLE_IDENTIFIER" = "com.modelspace.viewer";
"PRODUCT_BUNDLE_IDENTIFIER[sdk=iphoneos*]" = "$(MODELSPACE_DEVICE_BUNDLE_IDENTIFIER)";
"INFOPLIST_FILE" = "CharacterHost/Info.plist";
"SWIFT_VERSION" = "6.0";
"SWIFT_OBJC_BRIDGING_HEADER" = "CharacterHost/Bridge/CharacterHost-Bridging-Header.h";
"IPHONEOS_DEPLOYMENT_TARGET" = "17.0";
"TARGETED_DEVICE_FAMILY" = "1,2";
"SDKROOT" = "iphoneos";
"SUPPORTED_PLATFORMS" = "iphoneos";
"CLANG_ENABLE_MODULES" = "YES";
"CLANG_ENABLE_OBJC_ARC" = "YES";
"CLANG_CXX_LANGUAGE_STANDARD" = "gnu++17";
"LD_RUNPATH_SEARCH_PATHS" = ("$(inherited)","@executable_path/Frameworks");
"FRAMEWORK_SEARCH_PATHS" = ("$(inherited)","$(BUILT_PRODUCTS_DIR)");
"OTHER_LDFLAGS" = ("$(inherited)","-lc++","-framework","CoreML","-framework","Accelerate");
"GCC_ENABLE_CPP_EXCEPTIONS" = "YES";
"CODE_SIGN_STYLE" = "Automatic";
"CURRENT_PROJECT_VERSION" = "105";
"MARKETING_VERSION" = "0.78.0";
"ENABLE_USER_SCRIPT_SANDBOXING" = "NO";
"SUPPORTS_MACCATALYST" = "NO";
"SWIFT_EMIT_LOC_STRINGS" = "YES";
"ARCHS" = "arm64";
"ENABLE_DEBUG_DYLIB" = "NO";
"ASSETCATALOG_COMPILER_APPICON_NAME" = "AppIcon";
"SWIFT_OPTIMIZATION_LEVEL" = "-O";
"GCC_OPTIMIZATION_LEVEL" = "s";
"DEBUG_INFORMATION_FORMAT" = "dwarf-with-dsym";
"SWIFT_ACTIVE_COMPILATION_CONDITIONS" = "$(inherited) STARRY_TEST_TOOLS";
};
"baseConfigurationReference" = "6280E40656CCF01BD4D28240";
};
"A2F58C06A908AA4D1329C930" = {
"isa" = "XCConfigurationList";
"buildConfigurations" = ("66864AA84ECAA76D9D8D65CE","01AC7102B8BB9ECCA93C85E0");
"defaultConfigurationIsVisible" = "0";
"defaultConfigurationName" = "Debug";
};
"098A2FAE5D6CC599A6DA7DE2" = {
"isa" = "PBXNativeTarget";
"name" = "CharacterHost";
"productName" = "CharacterHost";
"productType" = "com.apple.product-type.application";
"productReference" = "681C948D238C526E9E3424E0";
"buildConfigurationList" = "A2F58C06A908AA4D1329C930";
"buildPhases" = ("F61431B2C74AA8DD40D568F8","878A52FC5FF6A57D50B7B870","E2AA269EB967A8853A258BFA","41D311A605520FC7B8B9A980","8A1EED22144C3F04485A69EE");
"buildRules" = ();
"dependencies" = ("30B398FAAF664C355DBBC942");
};
"A13B1C8745A2B573E2C1BEF9" = {
"isa" = "PBXFileReference";
"lastKnownFileType" = "sourcecode.swift";
"path" = "CharacterHostUITests/AccountFlowTests.swift";
"sourceTree" = "<group>";
};
"BFA985EE4EC4165556216FBE" = {
"isa" = "PBXBuildFile";
"fileRef" = "A13B1C8745A2B573E2C1BEF9";
};
"8B8872B5820F64880821F087" = {
"isa" = "PBXFileReference";
"lastKnownFileType" = "sourcecode.swift";
"path" = "CharacterHostUITests/ActionFramingMotionTests.swift";
"sourceTree" = "<group>";
};
"B6FF76AEDE033C6A23219A2A" = {
"isa" = "PBXBuildFile";
"fileRef" = "8B8872B5820F64880821F087";
};
"DC073D1EFD0D9E015BC61C44" = {
"isa" = "PBXFileReference";
"lastKnownFileType" = "sourcecode.swift";
"path" = "CharacterHostUITests/AddressPreferencesTests.swift";
"sourceTree" = "<group>";
};
"2EF58EB8ED8D89E64E50F70B" = {
"isa" = "PBXBuildFile";
"fileRef" = "DC073D1EFD0D9E015BC61C44";
};
"B042FDFA2C05D515AA8BDEC2" = {
"isa" = "PBXFileReference";
"lastKnownFileType" = "sourcecode.swift";
"path" = "CharacterHostUITests/AnimeEnsembleTests.swift";
"sourceTree" = "<group>";
};
"D72C342AA255CFCF0D0D5E8D" = {
"isa" = "PBXBuildFile";
"fileRef" = "B042FDFA2C05D515AA8BDEC2";
};
"46CB6F0380CF602A3EF718E3" = {
"isa" = "PBXFileReference";
"lastKnownFileType" = "sourcecode.swift";
"path" = "CharacterHostUITests/AtmosphereFlowTests.swift";
"sourceTree" = "<group>";
};
"42C2F56D11ADBC3D3D6AAFD5" = {
"isa" = "PBXBuildFile";
"fileRef" = "46CB6F0380CF602A3EF718E3";
};
"C898F40AACED61E2DEF1DD9B" = {
"isa" = "PBXFileReference";
"lastKnownFileType" = "sourcecode.swift";
"path" = "CharacterHostUITests/AuthorSubscriptionUITests.swift";
"sourceTree" = "<group>";
};
"7137021CB008241EF4637CA1" = {
"isa" = "PBXBuildFile";
"fileRef" = "C898F40AACED61E2DEF1DD9B";
};
"C47F1A6086B78BCFFFCA36AF" = {
"isa" = "PBXFileReference";
"lastKnownFileType" = "sourcecode.swift";
"path" = "CharacterHostUITests/AuthoredCharacterTests.swift";
"sourceTree" = "<group>";
};
"2656C6ACF61C81F359134ECB" = {
"isa" = "PBXBuildFile";
"fileRef" = "C47F1A6086B78BCFFFCA36AF";
};
"0B598D478E0517F821C922CC" = {
"isa" = "PBXFileReference";
"lastKnownFileType" = "sourcecode.swift";
"path" = "CharacterHostUITests/CacheSettingsUITests.swift";
"sourceTree" = "<group>";
};
"49BC45B9B4564D71C408A9F9" = {
"isa" = "PBXBuildFile";
"fileRef" = "0B598D478E0517F821C922CC";
};
"40758116058DEC6472647E60" = {
"isa" = "PBXFileReference";
"lastKnownFileType" = "sourcecode.swift";
"path" = "CharacterHostUITests/CharacterIdentityTests.swift";
"sourceTree" = "<group>";
};
"60709DA68F4C2F14CCBCA8E2" = {
"isa" = "PBXBuildFile";
"fileRef" = "40758116058DEC6472647E60";
};
"EB58B384713A0A5E87A70CBB" = {
"isa" = "PBXFileReference";
"lastKnownFileType" = "sourcecode.swift";
"path" = "CharacterHostUITests/CharacterPlatformTests.swift";
"sourceTree" = "<group>";
};
"A1DE74027544778E684EC32C" = {
"isa" = "PBXBuildFile";
"fileRef" = "EB58B384713A0A5E87A70CBB";
};
"1C8582860F1EDDF2F4FBFDB7" = {
"isa" = "PBXFileReference";
"lastKnownFileType" = "sourcecode.swift";
"path" = "CharacterHostUITests/CharacterPortraitCompletionTests.swift";
"sourceTree" = "<group>";
};
"F8788BA7211A133E97CF1AD2" = {
"isa" = "PBXBuildFile";
"fileRef" = "1C8582860F1EDDF2F4FBFDB7";
};
"A3CE757E9D50E633A12C4B2A" = {
"isa" = "PBXFileReference";
"lastKnownFileType" = "sourcecode.swift";
"path" = "CharacterHostUITests/CharacterSettingsTests.swift";
"sourceTree" = "<group>";
};
"A0A4496B0486DC5DB4250927" = {
"isa" = "PBXBuildFile";
"fileRef" = "A3CE757E9D50E633A12C4B2A";
};
"18098E6F96E45D92753538A1" = {
"isa" = "PBXFileReference";
"lastKnownFileType" = "sourcecode.swift";
"path" = "CharacterHostUITests/CharacterViewEditorTests.swift";
"sourceTree" = "<group>";
};
"97789B0BD73DE4997677C8A4" = {
"isa" = "PBXBuildFile";
"fileRef" = "18098E6F96E45D92753538A1";
};
"FA7DBC0D8E918CB3ABE6F747" = {
"isa" = "PBXFileReference";
"lastKnownFileType" = "sourcecode.swift";
"path" = "CharacterHostUITests/ChatDisplayPanelTests.swift";
"sourceTree" = "<group>";
};
"1DAD7F3322BE90185CF28435" = {
"isa" = "PBXBuildFile";
"fileRef" = "FA7DBC0D8E918CB3ABE6F747";
};
"CAC65BBCC6AEB5B20609A93A" = {
"isa" = "PBXFileReference";
"lastKnownFileType" = "sourcecode.swift";
"path" = "CharacterHostUITests/ChatKeyboardTests.swift";
"sourceTree" = "<group>";
};
"1C686837B8763C906C306B9F" = {
"isa" = "PBXBuildFile";
"fileRef" = "CAC65BBCC6AEB5B20609A93A";
};
"1C09735E77DBD43680B92AD2" = {
"isa" = "PBXFileReference";
"lastKnownFileType" = "sourcecode.swift";
"path" = "CharacterHostUITests/CompanionControlsTests.swift";
"sourceTree" = "<group>";
};
"4957CA7BA92B8374C2F97779" = {
"isa" = "PBXBuildFile";
"fileRef" = "1C09735E77DBD43680B92AD2";
};
"5F383384AAF1A7FBCC3D1212" = {
"isa" = "PBXFileReference";
"lastKnownFileType" = "sourcecode.swift";
"path" = "CharacterHostUITests/CompanionExperienceUITests.swift";
"sourceTree" = "<group>";
};
"228D5FA0CA9826B1CABBC65F" = {
"isa" = "PBXBuildFile";
"fileRef" = "5F383384AAF1A7FBCC3D1212";
};
"49C3721800D52617038B6E77" = {
"isa" = "PBXFileReference";
"lastKnownFileType" = "sourcecode.swift";
"path" = "CharacterHostUITests/CompanionFlowTests.swift";
"sourceTree" = "<group>";
};
"27DE409DFDBCCEA038451CB5" = {
"isa" = "PBXBuildFile";
"fileRef" = "49C3721800D52617038B6E77";
};
"CA388B4FD4FCC0FD20E16B0D" = {
"isa" = "PBXFileReference";
"lastKnownFileType" = "sourcecode.swift";
"path" = "CharacterHostUITests/ConversationControlsTests.swift";
"sourceTree" = "<group>";
};
"A4ED427575AA7BE37634E5C7" = {
"isa" = "PBXBuildFile";
"fileRef" = "CA388B4FD4FCC0FD20E16B0D";
};
"B93BF93D86ECE0EE5D0A49F9" = {
"isa" = "PBXFileReference";
"lastKnownFileType" = "sourcecode.swift";
"path" = "CharacterHostUITests/ConversationExportUITests.swift";
"sourceTree" = "<group>";
};
"16188A23D4E3DE45ED9C73F7" = {
"isa" = "PBXBuildFile";
"fileRef" = "B93BF93D86ECE0EE5D0A49F9";
};
"AEC5D5A805A60474616FF7B0" = {
"isa" = "PBXFileReference";
"lastKnownFileType" = "sourcecode.swift";
"path" = "CharacterHostUITests/ConversationGestureTests.swift";
"sourceTree" = "<group>";
};
"FDF67EAF1E812187527F561A" = {
"isa" = "PBXBuildFile";
"fileRef" = "AEC5D5A805A60474616FF7B0";
};
"E3395B683194DB3F458B46CD" = {
"isa" = "PBXFileReference";
"lastKnownFileType" = "sourcecode.swift";
"path" = "CharacterHostUITests/ConversationPolishTests.swift";
"sourceTree" = "<group>";
};
"D579317A6290C3DC90DA6D99" = {
"isa" = "PBXBuildFile";
"fileRef" = "E3395B683194DB3F458B46CD";
};
"E240A6561B46440EC81C2F15" = {
"isa" = "PBXFileReference";
"lastKnownFileType" = "sourcecode.swift";
"path" = "CharacterHostUITests/ConversationPresentationTests.swift";
"sourceTree" = "<group>";
};
"1A4B1B5FA5D923CB0068CB35" = {
"isa" = "PBXBuildFile";
"fileRef" = "E240A6561B46440EC81C2F15";
};
"2E45CA9C6A99AB40EDA42DD2" = {
"isa" = "PBXFileReference";
"lastKnownFileType" = "sourcecode.swift";
"path" = "CharacterHostUITests/ConversationSettingsTests.swift";
"sourceTree" = "<group>";
};
"C95AEA6F617524816CDA275B" = {
"isa" = "PBXBuildFile";
"fileRef" = "2E45CA9C6A99AB40EDA42DD2";
};
"5D284F9347B8172D67342BEA" = {
"isa" = "PBXFileReference";
"lastKnownFileType" = "sourcecode.swift";
"path" = "CharacterHostUITests/DirectGestureTests.swift";
"sourceTree" = "<group>";
};
"F0EB9203C59700989B3AE855" = {
"isa" = "PBXBuildFile";
"fileRef" = "5D284F9347B8172D67342BEA";
};
"8FF760D38CBF0FA857CF2F1E" = {
"isa" = "PBXFileReference";
"lastKnownFileType" = "sourcecode.swift";
"path" = "CharacterHostUITests/EnvironmentFlowTests.swift";
"sourceTree" = "<group>";
};
"B05CEC48A39B9EF96BE3FAD3" = {
"isa" = "PBXBuildFile";
"fileRef" = "8FF760D38CBF0FA857CF2F1E";
};
"D7181F7B17086191CDED0D86" = {
"isa" = "PBXFileReference";
"lastKnownFileType" = "sourcecode.swift";
"path" = "CharacterHostUITests/EnvironmentPresentationTests.swift";
"sourceTree" = "<group>";
};
"481B1C1BEB76A26567815F8D" = {
"isa" = "PBXBuildFile";
"fileRef" = "D7181F7B17086191CDED0D86";
};
"3AD0C43F67322818E017EA4B" = {
"isa" = "PBXFileReference";
"lastKnownFileType" = "sourcecode.swift";
"path" = "CharacterHostUITests/ExpressiveConversationTests.swift";
"sourceTree" = "<group>";
};
"3403CD4FC90DCEE5CC1A417E" = {
"isa" = "PBXBuildFile";
"fileRef" = "3AD0C43F67322818E017EA4B";
};
"86360E694A3164C65B88C64E" = {
"isa" = "PBXFileReference";
"lastKnownFileType" = "sourcecode.swift";
"path" = "CharacterHostUITests/FramingFlowTests.swift";
"sourceTree" = "<group>";
};
"7C8E222782303D18AEB4A985" = {
"isa" = "PBXBuildFile";
"fileRef" = "86360E694A3164C65B88C64E";
};
"59455C97AA9C6A98824B1668" = {
"isa" = "PBXFileReference";
"lastKnownFileType" = "sourcecode.swift";
"path" = "CharacterHostUITests/GazeFlowTests.swift";
"sourceTree" = "<group>";
};
"A0E8A98FC58F381CE9490E81" = {
"isa" = "PBXBuildFile";
"fileRef" = "59455C97AA9C6A98824B1668";
};
"9C3E08674392FB0CAE0B2A86" = {
"isa" = "PBXFileReference";
"lastKnownFileType" = "sourcecode.swift";
"path" = "CharacterHostUITests/HoldRotationTests.swift";
"sourceTree" = "<group>";
};
"CB4C7A26677B58240B24CA82" = {
"isa" = "PBXBuildFile";
"fileRef" = "9C3E08674392FB0CAE0B2A86";
};
"91D951880AAEFBFF9916D5C9" = {
"isa" = "PBXFileReference";
"lastKnownFileType" = "sourcecode.swift";
"path" = "CharacterHostUITests/HomeCarouselTests.swift";
"sourceTree" = "<group>";
};
"B151C72C77045751AAB78EF1" = {
"isa" = "PBXBuildFile";
"fileRef" = "91D951880AAEFBFF9916D5C9";
};
"DB04DA44326B78EC33FC0A08" = {
"isa" = "PBXFileReference";
"lastKnownFileType" = "sourcecode.swift";
"path" = "CharacterHostUITests/HostEmotionMotionTests.swift";
"sourceTree" = "<group>";
};
"4A971A34F3D8BD278323FCB6" = {
"isa" = "PBXBuildFile";
"fileRef" = "DB04DA44326B78EC33FC0A08";
};
"8B6A316C8311E5A88A1A7C87" = {
"isa" = "PBXFileReference";
"lastKnownFileType" = "sourcecode.swift";
"path" = "CharacterHostUITests/IllustrationPortraitTests.swift";
"sourceTree" = "<group>";
};
"3C4214D233489F84334BB73E" = {
"isa" = "PBXBuildFile";
"fileRef" = "8B6A316C8311E5A88A1A7C87";
};
"BDF82E24EFAA7ED69363413B" = {
"isa" = "PBXFileReference";
"lastKnownFileType" = "sourcecode.swift";
"path" = "CharacterHostUITests/ImmersiveChatFlowTests.swift";
"sourceTree" = "<group>";
};
"0BE6FCC599A2E68DF1603356" = {
"isa" = "PBXBuildFile";
"fileRef" = "BDF82E24EFAA7ED69363413B";
};
"B2ADD73BD0A9705A3EE29C9C" = {
"isa" = "PBXFileReference";
"lastKnownFileType" = "sourcecode.swift";
"path" = "CharacterHostUITests/ImmersiveRefinementTests.swift";
"sourceTree" = "<group>";
};
"2EDD0F49A974CE2C605CC672" = {
"isa" = "PBXBuildFile";
"fileRef" = "B2ADD73BD0A9705A3EE29C9C";
};
"D96FB537E11A067BD314BC54" = {
"isa" = "PBXFileReference";
"lastKnownFileType" = "sourcecode.c.objc";
"path" = "CharacterHostUITests/InspectionEventSynthesis.m";
"sourceTree" = "<group>";
};
"7AF430D7CF2D882D790D360B" = {
"isa" = "PBXBuildFile";
"fileRef" = "D96FB537E11A067BD314BC54";
};
"CF92740AA7D82D87EE4F1C4E" = {
"isa" = "PBXFileReference";
"lastKnownFileType" = "sourcecode.swift";
"path" = "CharacterHostUITests/InterfaceMotionTests.swift";
"sourceTree" = "<group>";
};
"910AA44FD0F72534FA809365" = {
"isa" = "PBXBuildFile";
"fileRef" = "CF92740AA7D82D87EE4F1C4E";
};
"7CF242DC40495EE555D4C279" = {
"isa" = "PBXFileReference";
"lastKnownFileType" = "sourcecode.swift";
"path" = "CharacterHostUITests/LandscapeFlowTests.swift";
"sourceTree" = "<group>";
};
"C09104CAE067D01C5790FA82" = {
"isa" = "PBXBuildFile";
"fileRef" = "7CF242DC40495EE555D4C279";
};
"596F648BC247B5C8D6E83017" = {
"isa" = "PBXFileReference";
"lastKnownFileType" = "sourcecode.swift";
"path" = "CharacterHostUITests/MarketplaceUITests.swift";
"sourceTree" = "<group>";
};
"AD8BD17CDDECE796B479569F" = {
"isa" = "PBXBuildFile";
"fileRef" = "596F648BC247B5C8D6E83017";
};
"E595E0922A358F82FF005E89" = {
"isa" = "PBXFileReference";
"lastKnownFileType" = "sourcecode.swift";
"path" = "CharacterHostUITests/MessageHandoffTests.swift";
"sourceTree" = "<group>";
};
"812CD73730584B10E008C5AD" = {
"isa" = "PBXBuildFile";
"fileRef" = "E595E0922A358F82FF005E89";
};
"FF399E20CA1E5CF3225487E3" = {
"isa" = "PBXFileReference";
"lastKnownFileType" = "sourcecode.swift";
"path" = "CharacterHostUITests/MinimalChatTests.swift";
"sourceTree" = "<group>";
};
"CA40DDE0200BC93D5645D0BB" = {
"isa" = "PBXBuildFile";
"fileRef" = "FF399E20CA1E5CF3225487E3";
};
"00D2B6C4AEF1872E47051021" = {
"isa" = "PBXFileReference";
"lastKnownFileType" = "sourcecode.swift";
"path" = "CharacterHostUITests/NaturalIdleTests.swift";
"sourceTree" = "<group>";
};
"4CD59342569A83D533FF98B7" = {
"isa" = "PBXBuildFile";
"fileRef" = "00D2B6C4AEF1872E47051021";
};
"728D0AD2C92ACFAC330F1BA8" = {
"isa" = "PBXFileReference";
"lastKnownFileType" = "sourcecode.swift";
"path" = "CharacterHostUITests/NearbyExperienceTests.swift";
"sourceTree" = "<group>";
};
"0BAE7ECFB5F09ECF0DD7A4C1" = {
"isa" = "PBXBuildFile";
"fileRef" = "728D0AD2C92ACFAC330F1BA8";
};
"130E77CC6CA1C94E5CE93CF4" = {
"isa" = "PBXFileReference";
"lastKnownFileType" = "sourcecode.swift";
"path" = "CharacterHostUITests/PanelCameraStabilityTests.swift";
"sourceTree" = "<group>";
};
"72E3BCE700D8C10E4145F827" = {
"isa" = "PBXBuildFile";
"fileRef" = "130E77CC6CA1C94E5CE93CF4";
};
"EFF4E7BB8540625A48E01E5D" = {
"isa" = "PBXFileReference";
"lastKnownFileType" = "sourcecode.swift";
"path" = "CharacterHostUITests/PanelSurfaceTests.swift";
"sourceTree" = "<group>";
};
"CA3630A6BD1C91603566DF9A" = {
"isa" = "PBXBuildFile";
"fileRef" = "EFF4E7BB8540625A48E01E5D";
};
"B90689CF8D4A1F436747DD4C" = {
"isa" = "PBXFileReference";
"lastKnownFileType" = "sourcecode.swift";
"path" = "CharacterHostUITests/PersonaScenarioTests.swift";
"sourceTree" = "<group>";
};
"4175FF250F7C9A22EA3C0A98" = {
"isa" = "PBXBuildFile";
"fileRef" = "B90689CF8D4A1F436747DD4C";
};
"CCDB73CA15643F9C0F5C8764" = {
"isa" = "PBXFileReference";
"lastKnownFileType" = "sourcecode.swift";
"path" = "CharacterHostUITests/PortraitHomeTests.swift";
"sourceTree" = "<group>";
};
"1E44B2648F3AF4393391BB74" = {
"isa" = "PBXBuildFile";
"fileRef" = "CCDB73CA15643F9C0F5C8764";
};
"4163EED016F983804E1FD163" = {
"isa" = "PBXFileReference";
"lastKnownFileType" = "sourcecode.swift";
"path" = "CharacterHostUITests/PostureFlowTests.swift";
"sourceTree" = "<group>";
};
"EAA6D0287F20C8A42DC0A209" = {
"isa" = "PBXBuildFile";
"fileRef" = "4163EED016F983804E1FD163";
};
"CA550BABABC7153B8A7380E2" = {
"isa" = "PBXFileReference";
"lastKnownFileType" = "sourcecode.swift";
"path" = "CharacterHostUITests/ProfileSoundTests.swift";
"sourceTree" = "<group>";
};
"BE585FDF985B58BD8E4BACDB" = {
"isa" = "PBXBuildFile";
"fileRef" = "CA550BABABC7153B8A7380E2";
};
"2178ADA8FBA540E3DF7CB7DB" = {
"isa" = "PBXFileReference";
"lastKnownFileType" = "sourcecode.swift";
"path" = "CharacterHostUITests/QuietChatTests.swift";
"sourceTree" = "<group>";
};
"28DE8519F68C4A76FE060F5D" = {
"isa" = "PBXBuildFile";
"fileRef" = "2178ADA8FBA540E3DF7CB7DB";
};
"680776E1882750CF16223147" = {
"isa" = "PBXFileReference";
"lastKnownFileType" = "sourcecode.swift";
"path" = "CharacterHostUITests/RealAIConversationTests.swift";
"sourceTree" = "<group>";
};
"169BC779FD3546927CC3CEB6" = {
"isa" = "PBXBuildFile";
"fileRef" = "680776E1882750CF16223147";
};
"E3218FB5E7CECAF7D475D78A" = {
"isa" = "PBXFileReference";
"lastKnownFileType" = "sourcecode.swift";
"path" = "CharacterHostUITests/ReplyFlowTests.swift";
"sourceTree" = "<group>";
};
"8893404DF660F0AB91114398" = {
"isa" = "PBXBuildFile";
"fileRef" = "E3218FB5E7CECAF7D475D78A";
};
"BF9AA8995324AA228A3C0727" = {
"isa" = "PBXFileReference";
"lastKnownFileType" = "sourcecode.swift";
"path" = "CharacterHostUITests/SafeAreaFramingTests.swift";
"sourceTree" = "<group>";
};
"F3880082EF45851289D7571A" = {
"isa" = "PBXBuildFile";
"fileRef" = "BF9AA8995324AA228A3C0727";
};
"9E9FA538B0DBCFBC940A31C8" = {
"isa" = "PBXFileReference";
"lastKnownFileType" = "sourcecode.swift";
"path" = "CharacterHostUITests/StageReadinessTests.swift";
"sourceTree" = "<group>";
};
"D09CE7AB1A340EA638DF0C9C" = {
"isa" = "PBXBuildFile";
"fileRef" = "9E9FA538B0DBCFBC940A31C8";
};
"6C4BA54EFDF007AD3EB59B26" = {
"isa" = "PBXFileReference";
"lastKnownFileType" = "sourcecode.swift";
"path" = "CharacterHostUITests/StarryImmersionTests.swift";
"sourceTree" = "<group>";
};
"D640E173E0FAC59DB0BF5025" = {
"isa" = "PBXBuildFile";
"fileRef" = "6C4BA54EFDF007AD3EB59B26";
};
"D3F40948A33C2F8B6C271689" = {
"isa" = "PBXFileReference";
"lastKnownFileType" = "sourcecode.swift";
"path" = "CharacterHostUITests/StarryShellTests.swift";
"sourceTree" = "<group>";
};
"1EB7A1D35EF3585DE7C93FE0" = {
"isa" = "PBXBuildFile";
"fileRef" = "D3F40948A33C2F8B6C271689";
};
"AD830EBAD5E339B59393FDCD" = {
"isa" = "PBXFileReference";
"lastKnownFileType" = "sourcecode.swift";
"path" = "CharacterHostUITests/StartupCompositionTests.swift";
"sourceTree" = "<group>";
};
"F2B1A491BA91A78192168DF7" = {
"isa" = "PBXBuildFile";
"fileRef" = "AD830EBAD5E339B59393FDCD";
};
"A6BD9251A7E9EC23C46FC00C" = {
"isa" = "PBXFileReference";
"lastKnownFileType" = "sourcecode.swift";
"path" = "CharacterHostUITests/StudioFlowTests.swift";
"sourceTree" = "<group>";
};
"30989906749DC5A39950FBBD" = {
"isa" = "PBXBuildFile";
"fileRef" = "A6BD9251A7E9EC23C46FC00C";
};
"75DF3F3EBE982BA5E96EFA37" = {
"isa" = "PBXFileReference";
"lastKnownFileType" = "sourcecode.swift";
"path" = "CharacterHostUITests/UnifiedControlsTests.swift";
"sourceTree" = "<group>";
};
"6A68E3DF59D3B330656AFC0F" = {
"isa" = "PBXBuildFile";
"fileRef" = "75DF3F3EBE982BA5E96EFA37";
};
"7BE133095B05D1929CCF6475" = {
"isa" = "PBXFileReference";
"lastKnownFileType" = "sourcecode.swift";
"path" = "CharacterHostUITests/ViewerFlowTests.swift";
"sourceTree" = "<group>";
};
"B489A63B35653DDDCD2B3E6B" = {
"isa" = "PBXBuildFile";
"fileRef" = "7BE133095B05D1929CCF6475";
};
"695F999E8956E535F6CD3C94" = {
"isa" = "PBXFileReference";
"lastKnownFileType" = "sourcecode.swift";
"path" = "CharacterHostUITests/VoiceAtmosphereTests.swift";
"sourceTree" = "<group>";
};
"5B94851A9B1F09DE2592782B" = {
"isa" = "PBXBuildFile";
"fileRef" = "695F999E8956E535F6CD3C94";
};
"FA083AC4C8D732C9FA9B68D4" = {
"isa" = "PBXFileReference";
"lastKnownFileType" = "sourcecode.swift";
"path" = "CharacterHostUITests/VrchatBatchTests.swift";
"sourceTree" = "<group>";
};
"D0A4EA2D2F6BDCA50D58209A" = {
"isa" = "PBXBuildFile";
"fileRef" = "FA083AC4C8D732C9FA9B68D4";
};
"E70F74D6126B8EEA2A4D25E1" = {
"isa" = "PBXFileReference";
"lastKnownFileType" = "sourcecode.swift";
"path" = "CharacterHostUITests/VrchatCharacterTests.swift";
"sourceTree" = "<group>";
};
"9E71381D36E33AB9B0FCD4B4" = {
"isa" = "PBXBuildFile";
"fileRef" = "E70F74D6126B8EEA2A4D25E1";
};
"F739566ED5280322FF98A798" = {
"isa" = "PBXFileReference";
"explicitFileType" = "wrapper.cfbundle";
"path" = "CharacterHostUITests.xctest";
"sourceTree" = "BUILT_PRODUCTS_DIR";
};
"DEE94446A282611C16F7781C" = {
"isa" = "PBXSourcesBuildPhase";
"buildActionMask" = "2147483647";
"files" = ("BFA985EE4EC4165556216FBE","B6FF76AEDE033C6A23219A2A","2EF58EB8ED8D89E64E50F70B","D72C342AA255CFCF0D0D5E8D","42C2F56D11ADBC3D3D6AAFD5","7137021CB008241EF4637CA1","2656C6ACF61C81F359134ECB","49BC45B9B4564D71C408A9F9","60709DA68F4C2F14CCBCA8E2","A1DE74027544778E684EC32C","F8788BA7211A133E97CF1AD2","A0A4496B0486DC5DB4250927","97789B0BD73DE4997677C8A4","1DAD7F3322BE90185CF28435","1C686837B8763C906C306B9F","4957CA7BA92B8374C2F97779","228D5FA0CA9826B1CABBC65F","27DE409DFDBCCEA038451CB5","A4ED427575AA7BE37634E5C7","16188A23D4E3DE45ED9C73F7","FDF67EAF1E812187527F561A","D579317A6290C3DC90DA6D99","1A4B1B5FA5D923CB0068CB35","C95AEA6F617524816CDA275B","F0EB9203C59700989B3AE855","B05CEC48A39B9EF96BE3FAD3","481B1C1BEB76A26567815F8D","3403CD4FC90DCEE5CC1A417E","7C8E222782303D18AEB4A985","A0E8A98FC58F381CE9490E81","CB4C7A26677B58240B24CA82","B151C72C77045751AAB78EF1","4A971A34F3D8BD278323FCB6","3C4214D233489F84334BB73E","0BE6FCC599A2E68DF1603356","2EDD0F49A974CE2C605CC672","7AF430D7CF2D882D790D360B","910AA44FD0F72534FA809365","C09104CAE067D01C5790FA82","AD8BD17CDDECE796B479569F","812CD73730584B10E008C5AD","CA40DDE0200BC93D5645D0BB","4CD59342569A83D533FF98B7","0BAE7ECFB5F09ECF0DD7A4C1","72E3BCE700D8C10E4145F827","CA3630A6BD1C91603566DF9A","4175FF250F7C9A22EA3C0A98","1E44B2648F3AF4393391BB74","EAA6D0287F20C8A42DC0A209","BE585FDF985B58BD8E4BACDB","28DE8519F68C4A76FE060F5D","169BC779FD3546927CC3CEB6","8893404DF660F0AB91114398","F3880082EF45851289D7571A","D09CE7AB1A340EA638DF0C9C","D640E173E0FAC59DB0BF5025","1EB7A1D35EF3585DE7C93FE0","F2B1A491BA91A78192168DF7","30989906749DC5A39950FBBD","6A68E3DF59D3B330656AFC0F","B489A63B35653DDDCD2B3E6B","5B94851A9B1F09DE2592782B","D0A4EA2D2F6BDCA50D58209A","9E71381D36E33AB9B0FCD4B4");
"runOnlyForDeploymentPostprocessing" = "0";
};
"B10CDED79664567B030B2B4F" = {
"isa" = "PBXFrameworksBuildPhase";
"buildActionMask" = "2147483647";
"files" = ();
"runOnlyForDeploymentPostprocessing" = "0";
};
"9ECF07CEF5CC21AEBB3F6444" = {
"isa" = "PBXContainerItemProxy";
"containerPortal" = "244210E48437B6556980A702";
"proxyType" = "1";
"remoteGlobalIDString" = "098A2FAE5D6CC599A6DA7DE2";
"remoteInfo" = "CharacterHost";
};
"7E1B566C8C37C754335FC8ED" = {
"isa" = "PBXTargetDependency";
"target" = "098A2FAE5D6CC599A6DA7DE2";
"targetProxy" = "9ECF07CEF5CC21AEBB3F6444";
};
"E34EE53A3E62A34779B371CD" = {
"isa" = "XCBuildConfiguration";
"name" = "Debug";
"buildSettings" = {
"PRODUCT_NAME" = "$(TARGET_NAME)";
"PRODUCT_BUNDLE_IDENTIFIER" = "com.modelspace.viewer.uitests";
"GENERATE_INFOPLIST_FILE" = "YES";
"PRODUCT_BUNDLE_IDENTIFIER[sdk=iphoneos*]" = "$(MODELSPACE_DEVICE_BUNDLE_IDENTIFIER).uitests";
"SWIFT_VERSION" = "6.0";
"IPHONEOS_DEPLOYMENT_TARGET" = "17.0";
"TARGETED_DEVICE_FAMILY" = "1,2";
"SDKROOT" = "iphoneos";
"SUPPORTED_PLATFORMS" = "iphoneos";
"SWIFT_OBJC_BRIDGING_HEADER" = "CharacterHostUITests/InspectionEventSynthesis.h";
"TEST_TARGET_NAME" = "CharacterHost";
"CODE_SIGN_STYLE" = "Automatic";
"CLANG_ENABLE_MODULES" = "YES";
"ARCHS" = "arm64";
"SWIFT_OPTIMIZATION_LEVEL" = "-Onone";
"GCC_OPTIMIZATION_LEVEL" = "0";
"DEBUG_INFORMATION_FORMAT" = "dwarf";
"SWIFT_ACTIVE_COMPILATION_CONDITIONS" = "$(inherited) DEBUG STARRY_TEST_TOOLS";
};
"baseConfigurationReference" = "6280E40656CCF01BD4D28240";
};
"E97F71539C04187DB94DC132" = {
"isa" = "XCBuildConfiguration";
"name" = "Release";
"buildSettings" = {
"PRODUCT_NAME" = "$(TARGET_NAME)";
"PRODUCT_BUNDLE_IDENTIFIER" = "com.modelspace.viewer.uitests";
"GENERATE_INFOPLIST_FILE" = "YES";
"PRODUCT_BUNDLE_IDENTIFIER[sdk=iphoneos*]" = "$(MODELSPACE_DEVICE_BUNDLE_IDENTIFIER).uitests";
"SWIFT_VERSION" = "6.0";
"IPHONEOS_DEPLOYMENT_TARGET" = "17.0";
"TARGETED_DEVICE_FAMILY" = "1,2";
"SDKROOT" = "iphoneos";
"SUPPORTED_PLATFORMS" = "iphoneos";
"SWIFT_OBJC_BRIDGING_HEADER" = "CharacterHostUITests/InspectionEventSynthesis.h";
"TEST_TARGET_NAME" = "CharacterHost";
"CODE_SIGN_STYLE" = "Automatic";
"CLANG_ENABLE_MODULES" = "YES";
"ARCHS" = "arm64";
"SWIFT_OPTIMIZATION_LEVEL" = "-O";
"GCC_OPTIMIZATION_LEVEL" = "s";
"DEBUG_INFORMATION_FORMAT" = "dwarf-with-dsym";
"SWIFT_ACTIVE_COMPILATION_CONDITIONS" = "$(inherited) STARRY_TEST_TOOLS";
};
"baseConfigurationReference" = "6280E40656CCF01BD4D28240";
};
"53831008AF94CB3E08F0279F" = {
"isa" = "XCConfigurationList";
"buildConfigurations" = ("E34EE53A3E62A34779B371CD","E97F71539C04187DB94DC132");
"defaultConfigurationIsVisible" = "0";
"defaultConfigurationName" = "Debug";
};
"9805CBD60EB4F66728D5D195" = {
"isa" = "PBXNativeTarget";
"name" = "CharacterHostUITests";
"productName" = "CharacterHostUITests";
"productType" = "com.apple.product-type.bundle.ui-testing";
"productReference" = "F739566ED5280322FF98A798";
"buildConfigurationList" = "53831008AF94CB3E08F0279F";
"buildPhases" = ("DEE94446A282611C16F7781C","B10CDED79664567B030B2B4F");
"buildRules" = ();
"dependencies" = ("7E1B566C8C37C754335FC8ED");
};
"6280E40656CCF01BD4D28240" = {
"isa" = "PBXFileReference";
"lastKnownFileType" = "text.xcconfig";
"path" = "Config/Base.xcconfig";
"sourceTree" = "<group>";
};
"19F479106CE8C3BA8C106518" = {
"isa" = "PBXGroup";
"children" = ("CEFE7FB1699244B287EB957A","B56D21D0FF246151588B54D6","51B167A1A9B1F8E2EA81ADBF","20C1AC88FB721406C296BD19","8D9FA50DD7B236E28441900F","F2CD3281ACD3A732D2A4E779","747DF531CC4C707D8C43A6A5","B97C66F7EF2EBC47B7962847","DFBC736658D9C915B83EE77F","935D69FC156E259EBFF1D5FA","C90E1059E2DE27187B817060","A6298108B25A32CAFBF1CA26","9EC64D8988BA98A8323AD72B","EDFE08FA10188FF4806D93EC","EF3355C90F193F2D38C56A8D","331BF29DC3B2430562AB8AA2","B5E8840BEA22CBD7BF10F80B","7E305C7F170995849B7BD39D","F23992583E66B1B0D5D5DDA7","F269110C7A7A71FE566B13FC","29E578EDBA53E26D531B297E","2764B16336A913103E3113CB","E64405EF912929186022CB38","19B7A623B3691453E1E001E0","54EEC4131AE326A0FC64A4F7","3E38A9E3CD38EF85590B66D0","24ADA0D893A81596CB9022D6","F93DA5A936445953D5F7DB39","F3B1A619B6D0E7F893787BDE","6D1871D7D55012572B342751","9CA91BD6D99BFD5C319C7A32","EE6EFA0FF1B91014ECB455B9","45D923AFAC256C94FA2A7845","7F9A7C80DFFE83B685085E3E","6182ABD10DAAD0D3EEA4F0F0","2080C7E515A97832C709DEFD","77C5D4FD299BDC19D63B1389","1FFD0BFC973267EC6335E3A5","502BCC037361ADA49193B2B5","6AB8BFAE570C25CDAE29C98A","C7EA85999BD3AC68F47FB3CD","84DD46A6E85DC806FC796D18","B22CFFEABAC49E6F998DB200","FD71C5DF7D4D22996DDCE5CD","2EE9CE974FE984EE54CCA4A4","9A75DDA84E22F07CCC2C6DD8","840B90D89ACBC5C385AA6973","FB189BBD1E8A2E7D809B7722","671EF960E94822FE78D47FB7","BE70A6FD61A10C22D41A82CA","C0A9C3BDC8D491F513C3A3C7","59568FA64F24EDCADEF87EA6","0C18E281D5BEB5D6303E0EC9","C2C6A3FC418A9C6BAEBDDC48","006BA27439088FEE6F1693BC","DDD05F6957230B3DFFB0F7A9","DE79760FDD9784C7E6B4CCFF","504E7E2A9DCA34555F9D6688","A75FFD3C144108D7D895FD89","3DACE79165054814F5A5A45F","8FC608D68CF0F5D667EEE92D","58F7F202079DBAD11BE7779C","C05C0432655E8BF2B6163138","223CCBD773161E305D45B8DD","3CDA0E51539B019FBF389856","D31E6295F7D5036A178B6774","D6DA4B9CCF35E0443902E13A","257DD95165DA6AA11992A324","827DBCD9CE8DE0708D8A69D7","A7981B566C18C5896E515187","1799329F26182DC1D5E3C5A9","C5675FD9012BD6D74C83736A","9A34ACC5849204CDB9A440BE","A93C4D1350517C161A36BCC8","AFCE11A26DDBA53CF32B238D","5D236423A1841FCE764D8AF9","7BC245E7A3194B6A95AAD250","5F236EC2A9922FAFC66BB5A5","18E740A43EA4162D9929B2CA","B34F5CC73789BF91CE373BF0","80E9511566382540B3F1E933","9CF73E1D6D933E667E20C894","2790413583E8D6DDBDF26B48","E11FF22FA79F4A2E091397B6","2FB6F9DC8AC1E17B2DEE4B82","BAE07D1FF02BF03C28852729","72CD98EA747A93A4E72FE617","1C01922FA217E0BD7D35DE86","A633F11ACFE1A32571601079","A4FC1A5126CEF201276B3345","6773760F34081E3143119340","08792D5D5F7913448245F2CB","869EECED4E715FE0D0B9B835","66C5D1AF1EC4FE277441E9D2","83F2423CE2437AA6FBB5D7E2","3D6C332F2D41798FE43487E3","C4BC0AA889F12C15EF3A9261","98BA2B649F53F164D3365E5B","F9B8E35C7749A64CDA65EC00","04E8AF6F66154F1E55CFE971","6C0EC7A0A16130293BDDDA28","F8AD9E77F14A3564C8823266","46CB631B4C8DBD456218F71B","154391CB3B989C865EBE8AEB","91660C65E3B1EB890923A88E","AB5883B19A86534FED4DF80B","5D26BAEC919914A66FB6A62A","60E38B03DBDC8C370AFD4FB9","A1B8F4ED902D8A877EE92014","2F809D5A9FFD3B6BEA557BB7","AC8E7EA7E44625F71A728DBD","591D6F35CA01ED7281BBC7BB","3A8BCA224EBAD187E4D61C2B","4DD2222702ACB22B8B92FB8D","51C6CAC36B2DA14D0FF013A9","B55A66D359A22B6813C4F648","8A329B427923621E5901E2EE","7DFD7779096346AE62FEBCCE","02209696F254DD85E8E758BD","0B12592E9DED6591E6D25AAA","37C276CEF87A04A3626BBA6D","1800B288B2B5A40F8BD9BCD2","08711C62AD8759A9D550FBD0","DA9FFC651CAE2354711F8924","5B10C8E9233E0A51229F5EA0","888C4A4D3CB1DF59A1C90E7D","0761EDBF1D19FAF07D8F5C1F","EDEAECF14D307E3939292FE0","740408D74B6B1A364583BD9D","A550092D774A0E0908EEB3FA","195EB9B9867247AF102656F9","FF228C56A1ADF210E24B70E2","3E7BE38EBAC348762555B91D","23B80ED8F43497CCDA6FD745","98409F259E6E55BB2FEF2479","3EE6154134CAA4CC6743724B","1B9E678438A311D28C801E58","EF2F70A71F0B6C547251EB23","219EAE66097DDF5D84D9B716","16821F5AF2BB470DBEEB4BA6","F885F75CCAEF0F97CB58674D","CEFBBED948ADDBDDED86E1F3","C18B932B09E62BE09695E8A1","073E38B6C43A1F649253DA3E","338ACF020F4EE71FD5710E87","BD72C78F5F9A4DF872C6F7B7","8D655822E2BADA47A859B9E8","81CAD84BE3BE360F68F3B5FE","67347551F352301126A4B23F","C860318ED1F7C674198E3929","3895E2CA040276A292553C67","B4B5E5BEABA53FEF5CF94C7C","AB77ECA8BE4E40E6383B425E","3ED3F122A1F55E4084947A46","5F70AB416C897CC13421196D","F6A42F88C07342574F8FA25D","B40A4EFE4698233B37E97F3F","0A676E3BB5646EA681B757D0","39AED3A9F81203B8C996DBA2","EE32CAD3D57086582038E536","1EF9004F7FE7D7ADCC0E8445","F2F4F75B87E49379C556CBF1","C9B64E6A02F2EF85FF431AC2","2FA3C034BE54849450C55E07","15B640CF2AFEA9DE1A50B17F","2BC7E45D1E4C6BF9E3D1D4CA","82AA8CE2A4A9E96E7BF5F45A","8DC5B5E6AF42DDF131347EBB","CB1F662066E5290AF4C0C45D","AD0E18F2EBAC66BC2ED79061","21825F7F5DD43D701ED94750","6179A1ED60686D48B5875970","99E87F5E9E615DDEE2750864","7B05FD4A752A38B699EA3D67","F23638801E569BE4C16B43D4","F01B68355B6833F384EF8D48","D259DB0BB1ED68770328DAF7","443F292361E8DA14ABE68690","22D390328AC344F437244309","52FC1A154A8702FBF5B847A8","9C1930BC937C8E9E5C850014","F04C212E18E5181DD58BD36D","919C892D47B1DDD2FAAC4735","16AEE6F4D0100BB9808F3CC7","C43596C17989DF8874DB0D39","A5763C19A916F00AA777D63F","A13B1C8745A2B573E2C1BEF9","8B8872B5820F64880821F087","DC073D1EFD0D9E015BC61C44","B042FDFA2C05D515AA8BDEC2","46CB6F0380CF602A3EF718E3","C898F40AACED61E2DEF1DD9B","C47F1A6086B78BCFFFCA36AF","0B598D478E0517F821C922CC","40758116058DEC6472647E60","EB58B384713A0A5E87A70CBB","1C8582860F1EDDF2F4FBFDB7","A3CE757E9D50E633A12C4B2A","18098E6F96E45D92753538A1","FA7DBC0D8E918CB3ABE6F747","CAC65BBCC6AEB5B20609A93A","1C09735E77DBD43680B92AD2","5F383384AAF1A7FBCC3D1212","49C3721800D52617038B6E77","CA388B4FD4FCC0FD20E16B0D","B93BF93D86ECE0EE5D0A49F9","AEC5D5A805A60474616FF7B0","E3395B683194DB3F458B46CD","E240A6561B46440EC81C2F15","2E45CA9C6A99AB40EDA42DD2","5D284F9347B8172D67342BEA","8FF760D38CBF0FA857CF2F1E","D7181F7B17086191CDED0D86","3AD0C43F67322818E017EA4B","86360E694A3164C65B88C64E","59455C97AA9C6A98824B1668","9C3E08674392FB0CAE0B2A86","91D951880AAEFBFF9916D5C9","DB04DA44326B78EC33FC0A08","8B6A316C8311E5A88A1A7C87","BDF82E24EFAA7ED69363413B","B2ADD73BD0A9705A3EE29C9C","D96FB537E11A067BD314BC54","CF92740AA7D82D87EE4F1C4E","7CF242DC40495EE555D4C279","596F648BC247B5C8D6E83017","E595E0922A358F82FF005E89","FF399E20CA1E5CF3225487E3","00D2B6C4AEF1872E47051021","728D0AD2C92ACFAC330F1BA8","130E77CC6CA1C94E5CE93CF4","EFF4E7BB8540625A48E01E5D","B90689CF8D4A1F436747DD4C","CCDB73CA15643F9C0F5C8764","4163EED016F983804E1FD163","CA550BABABC7153B8A7380E2","2178ADA8FBA540E3DF7CB7DB","680776E1882750CF16223147","E3218FB5E7CECAF7D475D78A","BF9AA8995324AA228A3C0727","9E9FA538B0DBCFBC940A31C8","6C4BA54EFDF007AD3EB59B26","D3F40948A33C2F8B6C271689","AD830EBAD5E339B59393FDCD","A6BD9251A7E9EC23C46FC00C","75DF3F3EBE982BA5E96EFA37","7BE133095B05D1929CCF6475","695F999E8956E535F6CD3C94","FA083AC4C8D732C9FA9B68D4","E70F74D6126B8EEA2A4D25E1","6280E40656CCF01BD4D28240","CB3255F92114B0395E8C3EE9","0A3E27B8CA818264D75C8D81");
"sourceTree" = "<group>";
};
"2B23A31EEC75B029432F2445" = {
"isa" = "XCBuildConfiguration";
"name" = "Debug";
"buildSettings" = {
"CLANG_ENABLE_MODULES" = "YES";
"CLANG_ENABLE_OBJC_ARC" = "YES";
"SWIFT_OPTIMIZATION_LEVEL" = "-Onone";
"GCC_OPTIMIZATION_LEVEL" = "0";
"DEBUG_INFORMATION_FORMAT" = "dwarf";
"SWIFT_ACTIVE_COMPILATION_CONDITIONS" = "$(inherited) DEBUG STARRY_TEST_TOOLS";
};
};
"07CA1E69F6068DEA30A4DA6B" = {
"isa" = "XCBuildConfiguration";
"name" = "Release";
"buildSettings" = {
"CLANG_ENABLE_MODULES" = "YES";
"CLANG_ENABLE_OBJC_ARC" = "YES";
"SWIFT_OPTIMIZATION_LEVEL" = "-O";
"GCC_OPTIMIZATION_LEVEL" = "s";
"DEBUG_INFORMATION_FORMAT" = "dwarf-with-dsym";
"SWIFT_ACTIVE_COMPILATION_CONDITIONS" = "$(inherited) STARRY_TEST_TOOLS";
};
};
"F905B102B4F13BD6617D8EB3" = {
"isa" = "XCConfigurationList";
"buildConfigurations" = ("2B23A31EEC75B029432F2445","07CA1E69F6068DEA30A4DA6B");
"defaultConfigurationIsVisible" = "0";
"defaultConfigurationName" = "Debug";
};
"244210E48437B6556980A702" = {
"isa" = "PBXProject";
"attributes" = {
"BuildIndependentTargetsInParallel" = "YES";
"LastUpgradeCheck" = "2640";
"TargetAttributes" = {
"098A2FAE5D6CC599A6DA7DE2" = {
"CreatedOnToolsVersion" = "26.4";
};
"9805CBD60EB4F66728D5D195" = {
"CreatedOnToolsVersion" = "26.4";
"TestTargetID" = "098A2FAE5D6CC599A6DA7DE2";
};
};
};
"buildConfigurationList" = "F905B102B4F13BD6617D8EB3";
"compatibilityVersion" = "Xcode 14.0";
"developmentRegion" = "zh-Hans";
"hasScannedForEncodings" = "0";
"knownRegions" = ("zh-Hans","en","Base");
"mainGroup" = "19F479106CE8C3BA8C106518";
"productRefGroup" = "0A3E27B8CA818264D75C8D81";
"projectDirPath" = "";
"projectRoot" = "";
"targets" = ("098A2FAE5D6CC599A6DA7DE2","9805CBD60EB4F66728D5D195");
"projectReferences" = ({
"ProductGroup" = "01EED0CD13F1E9A25C9074F8";
"ProjectRef" = "CB3255F92114B0395E8C3EE9";
});
};
};
"rootObject" = "244210E48437B6556980A702";
}
